// !$*UTF8*$!
{
	archiveVersion = 1;
	classes = {
	};
	objectVersion = 56;
	objects = {

/* Begin PBXBuildFile section */
		001F69A38955F14A329A54DA /* Pods_ProductClean.framework in Frameworks */ = {isa = PBXBuildFile; fileRef = 1A6626158763F08FCA45D396 /* Pods_ProductClean.framework */; };
		38BE9527B7A807B571E823A2 /* Pods_ProductClean_ProductCleanUITests.framework in Frameworks */ = {isa = PBXBuildFile; fileRef = AAD0096372E59A20C4F2379E /* Pods_ProductClean_ProductCleanUITests.framework */; };
		6D15AB182B84750900481F94 /* ProductCleanUITests.swift in Sources */ = {isa = PBXBuildFile; fileRef = 6D15AB172B84750900481F94 /* ProductCleanUITests.swift */; };
		6D15AB1A2B84750900481F94 /* ProductCleanUITestsLaunchTests.swift in Sources */ = {isa = PBXBuildFile; fileRef = 6D15AB192B84750900481F94 /* ProductCleanUITestsLaunchTests.swift */; };
		6D15AB3D2B84783100481F94 /* ProductCleanApp.swift in Sources */ = {isa = PBXBuildFile; fileRef = 6D15AB282B84783100481F94 /* ProductCleanApp.swift */; };
		6D15AB402B84788600481F94 /* Assets.xcassets in Resources */ = {isa = PBXBuildFile; fileRef = 6D15AB3A2B84783100481F94 /* Assets.xcassets */; };
		6D15AB412B84788A00481F94 /* Preview Assets.xcassets in Resources */ = {isa = PBXBuildFile; fileRef = 6D15AB3C2B84783100481F94 /* Preview Assets.xcassets */; };
		6D15AB432B847BB700481F94 /* ProductListView.swift in Sources */ = {isa = PBXBuildFile; fileRef = 6D15AB422B847BB700481F94 /* ProductListView.swift */; };
		6D15AB452B847BE500481F94 /* AppDIContainer.swift in Sources */ = {isa = PBXBuildFile; fileRef = 6D15AB442B847BE500481F94 /* AppDIContainer.swift */; };
		6D15AB472B848BD500481F94 /* ProductListViewModel.swift in Sources */ = {isa = PBXBuildFile; fileRef = 6D15AB462B848BD500481F94 /* ProductListViewModel.swift */; };
		6D15AB492B8494C400481F94 /* ProductListItemViewModel.swift in Sources */ = {isa = PBXBuildFile; fileRef = 6D15AB482B8494C400481F94 /* ProductListItemViewModel.swift */; };
		6D15AB4F2B84B81600481F94 /* HeaderImageView.swift in Sources */ = {isa = PBXBuildFile; fileRef = 6D15AB4E2B84B81600481F94 /* HeaderImageView.swift */; };
		6D15AB512B84B8DC00481F94 /* ProductItemView.swift in Sources */ = {isa = PBXBuildFile; fileRef = 6D15AB502B84B8DC00481F94 /* ProductItemView.swift */; };
		6D15AB532B84BAA700481F94 /* ProductListLayout.swift in Sources */ = {isa = PBXBuildFile; fileRef = 6D15AB522B84BAA700481F94 /* ProductListLayout.swift */; };
		6D15AB572B84CFC200481F94 /* ErrorView.swift in Sources */ = {isa = PBXBuildFile; fileRef = 6D15AB562B84CFC200481F94 /* ErrorView.swift */; };
		6D15AB5B2B84DD1900481F94 /* ProductListUseCase.swift in Sources */ = {isa = PBXBuildFile; fileRef = 6D15AB5A2B84DD1900481F94 /* ProductListUseCase.swift */; };
		6D15AB5D2B84DEF500481F94 /* Product.swift in Sources */ = {isa = PBXBuildFile; fileRef = 6D15AB5C2B84DEF500481F94 /* Product.swift */; };
		6D15AB632B84E7FA00481F94 /* ProductDataListDTO.swift in Sources */ = {isa = PBXBuildFile; fileRef = 6D15AB622B84E7FA00481F94 /* ProductDataListDTO.swift */; };
		6D15AB662B84E96E00481F94 /* ProductDomainListDTO.swift in Sources */ = {isa = PBXBuildFile; fileRef = 6D15AB652B84E96E00481F94 /* ProductDomainListDTO.swift */; };
		6D15AB682B84EEF800481F94 /* ProductListRepository.swift in Sources */ = {isa = PBXBuildFile; fileRef = 6D15AB672B84EEF800481F94 /* ProductListRepository.swift */; };
		6D15AB6A2B84EFA700481F94 /* ProductListService.swift in Sources */ = {isa = PBXBuildFile; fileRef = 6D15AB692B84EFA700481F94 /* ProductListService.swift */; };
		6D15AB6C2B85007000481F94 /* NetworkRequest.swift in Sources */ = {isa = PBXBuildFile; fileRef = 6D15AB6B2B85007000481F94 /* NetworkRequest.swift */; };
		6D15AB6E2B8501CF00481F94 /* NetworkError.swift in Sources */ = {isa = PBXBuildFile; fileRef = 6D15AB6D2B8501CF00481F94 /* NetworkError.swift */; };
		6D15AB702B85060500481F94 /* URLRequestCreater.swift in Sources */ = {isa = PBXBuildFile; fileRef = 6D15AB6F2B85060500481F94 /* URLRequestCreater.swift */; };
		6D15AB722B85061100481F94 /* NetworkManager.swift in Sources */ = {isa = PBXBuildFile; fileRef = 6D15AB712B85061100481F94 /* NetworkManager.swift */; };
		6D15AB742B851CB500481F94 /* AppConfiguration.swift in Sources */ = {isa = PBXBuildFile; fileRef = 6D15AB732B851CB500481F94 /* AppConfiguration.swift */; };
		6D15AB762B85493100481F94 /* ProductListModule.swift in Sources */ = {isa = PBXBuildFile; fileRef = 6D15AB752B85493100481F94 /* ProductListModule.swift */; };
		6D15AB782B85CBFC00481F94 /* ProductDetailsModule.swift in Sources */ = {isa = PBXBuildFile; fileRef = 6D15AB772B85CBFC00481F94 /* ProductDetailsModule.swift */; };
		6D15AB7C2B85CC5E00481F94 /* ProductDetailsView.swift in Sources */ = {isa = PBXBuildFile; fileRef = 6D15AB7B2B85CC5E00481F94 /* ProductDetailsView.swift */; };
		6D15AB7E2B85CC8900481F94 /* ProductDetailsViewModel.swift in Sources */ = {isa = PBXBuildFile; fileRef = 6D15AB7D2B85CC8900481F94 /* ProductDetailsViewModel.swift */; };
		6D15AB802B85D21A00481F94 /* ProductDetailsItemViewModel.swift in Sources */ = {isa = PBXBuildFile; fileRef = 6D15AB7F2B85D21A00481F94 /* ProductDetailsItemViewModel.swift */; };
		6D15AB822B85E11900481F94 /* SharedURLSession.swift in Sources */ = {isa = PBXBuildFile; fileRef = 6D15AB812B85E11900481F94 /* SharedURLSession.swift */; };
		6D15AB842B85E2DF00481F94 /* SharedURLSessionDelegate.swift in Sources */ = {isa = PBXBuildFile; fileRef = 6D15AB832B85E2DF00481F94 /* SharedURLSessionDelegate.swift */; };
		6DE38B9A2B86251A008498A3 /* ProductListViewSnapshotTests.swift in Sources */ = {isa = PBXBuildFile; fileRef = 6DE38B992B86251A008498A3 /* ProductListViewSnapshotTests.swift */; };
		6DE38BA52B862D68008498A3 /* HeaderImageViewSnapshotTests.swift in Sources */ = {isa = PBXBuildFile; fileRef = 6DE38BA02B862D68008498A3 /* HeaderImageViewSnapshotTests.swift */; };
		6DE38BA62B862D68008498A3 /* ProductItemViewSnapshotTests.swift in Sources */ = {isa = PBXBuildFile; fileRef = 6DE38BA12B862D68008498A3 /* ProductItemViewSnapshotTests.swift */; };
		6DE38BA72B862D68008498A3 /* ErrorViewSnapshotTests.swift in Sources */ = {isa = PBXBuildFile; fileRef = 6DE38BA22B862D68008498A3 /* ErrorViewSnapshotTests.swift */; };
		6DE38BA82B862D68008498A3 /* ProductDetailsViewSnapshotTests.swift in Sources */ = {isa = PBXBuildFile; fileRef = 6DE38BA32B862D68008498A3 /* ProductDetailsViewSnapshotTests.swift */; };
		6DE38BA92B862D68008498A3 /* ProductListLayoutSnapshotTests.swift in Sources */ = {isa = PBXBuildFile; fileRef = 6DE38BA42B862D68008498A3 /* ProductListLayoutSnapshotTests.swift */; };
		6DE38BAF2B863F0E008498A3 /* ProductListViewModelMock.swift in Sources */ = {isa = PBXBuildFile; fileRef = 6DE38BAE2B863F0E008498A3 /* ProductListViewModelMock.swift */; };
		6DE38BB52B864675008498A3 /* Products.json in Resources */ = {isa = PBXBuildFile; fileRef = 6DE38BB32B864675008498A3 /* Products.json */; };
		6DE38BB82B865176008498A3 /* MockNetworkRequest.swift in Sources */ = {isa = PBXBuildFile; fileRef = 6DE38BB72B865176008498A3 /* MockNetworkRequest.swift */; };
		6DE38BBA2B865258008498A3 /* URLRequestCreaterTests.swift in Sources */ = {isa = PBXBuildFile; fileRef = 6DE38BB92B865258008498A3 /* URLRequestCreaterTests.swift */; };
		6DE38BBC2B865FEE008498A3 /* MockNetworkSessionManager.swift in Sources */ = {isa = PBXBuildFile; fileRef = 6DE38BBB2B865FED008498A3 /* MockNetworkSessionManager.swift */; };
		6DE38BBE2B867187008498A3 /* NetworkSessionManager.swift in Sources */ = {isa = PBXBuildFile; fileRef = 6DE38BBD2B867187008498A3 /* NetworkSessionManager.swift */; };
		6DE38BC02B867BE2008498A3 /* NetworkManagerTests.swift in Sources */ = {isa = PBXBuildFile; fileRef = 6DE38BBF2B867BE2008498A3 /* NetworkManagerTests.swift */; };
		6DE38BC22B867E52008498A3 /* MockData.swift in Sources */ = {isa = PBXBuildFile; fileRef = 6DE38BC12B867E52008498A3 /* MockData.swift */; };
		6DE38BC52B869723008498A3 /* MockNetworkManager.swift in Sources */ = {isa = PBXBuildFile; fileRef = 6DE38BC42B869723008498A3 /* MockNetworkManager.swift */; };
		6DE38BC72B869960008498A3 /* ProductListServiceTests.swift in Sources */ = {isa = PBXBuildFile; fileRef = 6DE38BC62B869960008498A3 /* ProductListServiceTests.swift */; };
		6DE38BC92B869BDB008498A3 /* MockProductListService.swift in Sources */ = {isa = PBXBuildFile; fileRef = 6DE38BC82B869BDB008498A3 /* MockProductListService.swift */; };
		6DE38BCB2B869D92008498A3 /* ProductListRepositoryTest.swift in Sources */ = {isa = PBXBuildFile; fileRef = 6DE38BCA2B869D91008498A3 /* ProductListRepositoryTest.swift */; };
		6DE38BCD2B869FDA008498A3 /* MockProductListRepository.swift in Sources */ = {isa = PBXBuildFile; fileRef = 6DE38BCC2B869FDA008498A3 /* MockProductListRepository.swift */; };
		6DE38BCF2B86A0A7008498A3 /* ProductListUseCaseTests.swift in Sources */ = {isa = PBXBuildFile; fileRef = 6DE38BCE2B86A0A7008498A3 /* ProductListUseCaseTests.swift */; };
		6DE38BD12B86A1F9008498A3 /* MockProductListUseCase.swift in Sources */ = {isa = PBXBuildFile; fileRef = 6DE38BD02B86A1F9008498A3 /* MockProductListUseCase.swift */; };
		6DE38BD32B86A244008498A3 /* ProductListViewModelTests.swift in Sources */ = {isa = PBXBuildFile; fileRef = 6DE38BD22B86A244008498A3 /* ProductListViewModelTests.swift */; };
		967E95ACDDA5E3556A1B0242 /* Pods_ProductCleanTests.framework in Frameworks */ = {isa = PBXBuildFile; fileRef = 4560F8431F58FA7E95F622FD /* Pods_ProductCleanTests.framework */; };
		FC1797A1A118746904C2B04F /* Pods_ProductCleanSnapshotTests.framework in Frameworks */ = {isa = PBXBuildFile; fileRef = 23986E8E2A3C9DBEDEE689CF /* Pods_ProductCleanSnapshotTests.framework */; };
/* End PBXBuildFile section */

/* Begin PBXContainerItemProxy section */
		6D15AB0A2B84750900481F94 /* PBXContainerItemProxy */ = {
			isa = PBXContainerItemProxy;
			containerPortal = 6D15AAF12B84750800481F94 /* Project object */;
			proxyType = 1;
			remoteGlobalIDString = 6D15AAF82B84750800481F94;
			remoteInfo = ProductClean;
		};
		6D15AB142B84750900481F94 /* PBXContainerItemProxy */ = {
			isa = PBXContainerItemProxy;
			containerPortal = 6D15AAF12B84750800481F94 /* Project object */;
			proxyType = 1;
			remoteGlobalIDString = 6D15AAF82B84750800481F94;
			remoteInfo = ProductClean;
		};
		6DE38B9B2B86251A008498A3 /* PBXContainerItemProxy */ = {
			isa = PBXContainerItemProxy;
			containerPortal = 6D15AAF12B84750800481F94 /* Project object */;
			proxyType = 1;
			remoteGlobalIDString = 6D15AAF82B84750800481F94;
			remoteInfo = ProductClean;
		};
/* End PBXContainerItemProxy section */

/* Begin PBXFileReference section */
		0111F098F1DF94FFE9778AC1 /* Pods-ProductCleanTests.debug.xcconfig */ = {isa = PBXFileReference; includeInIndex = 1; lastKnownFileType = text.xcconfig; name = "Pods-ProductCleanTests.debug.xcconfig"; path = "Target Support Files/Pods-ProductCleanTests/Pods-ProductCleanTests.debug.xcconfig"; sourceTree = "<group>"; };
		02242463F9CCBE31079A5612 /* Pods-ProductCleanSnapshotTests.release.xcconfig */ = {isa = PBXFileReference; includeInIndex = 1; lastKnownFileType = text.xcconfig; name = "Pods-ProductCleanSnapshotTests.release.xcconfig"; path = "Target Support Files/Pods-ProductCleanSnapshotTests/Pods-ProductCleanSnapshotTests.release.xcconfig"; sourceTree = "<group>"; };
		193A8B64A8071B0EB9EA28C4 /* Pods-ProductClean-ProductCleanUITests.release.xcconfig */ = {isa = PBXFileReference; includeInIndex = 1; lastKnownFileType = text.xcconfig; name = "Pods-ProductClean-ProductCleanUITests.release.xcconfig"; path = "Target Support Files/Pods-ProductClean-ProductCleanUITests/Pods-ProductClean-ProductCleanUITests.release.xcconfig"; sourceTree = "<group>"; };
		1A6626158763F08FCA45D396 /* Pods_ProductClean.framework */ = {isa = PBXFileReference; explicitFileType = wrapper.framework; includeInIndex = 0; path = Pods_ProductClean.framework; sourceTree = BUILT_PRODUCTS_DIR; };
		23986E8E2A3C9DBEDEE689CF /* Pods_ProductCleanSnapshotTests.framework */ = {isa = PBXFileReference; explicitFileType = wrapper.framework; includeInIndex = 0; path = Pods_ProductCleanSnapshotTests.framework; sourceTree = BUILT_PRODUCTS_DIR; };
		40C22AFDC361C9D3738E95F9 /* Pods-ProductClean.release.xcconfig */ = {isa = PBXFileReference; includeInIndex = 1; lastKnownFileType = text.xcconfig; name = "Pods-ProductClean.release.xcconfig"; path = "Target Support Files/Pods-ProductClean/Pods-ProductClean.release.xcconfig"; sourceTree = "<group>"; };
		4560F8431F58FA7E95F622FD /* Pods_ProductCleanTests.framework */ = {isa = PBXFileReference; explicitFileType = wrapper.framework; includeInIndex = 0; path = Pods_ProductCleanTests.framework; sourceTree = BUILT_PRODUCTS_DIR; };
		6D15AAF92B84750800481F94 /* ProductClean.app */ = {isa = PBXFileReference; explicitFileType = wrapper.application; includeInIndex = 0; path = ProductClean.app; sourceTree = BUILT_PRODUCTS_DIR; };
		6D15AB092B84750900481F94 /* ProductCleanTests.xctest */ = {isa = PBXFileReference; explicitFileType = wrapper.cfbundle; includeInIndex = 0; path = ProductCleanTests.xctest; sourceTree = BUILT_PRODUCTS_DIR; };
		6D15AB132B84750900481F94 /* ProductCleanUITests.xctest */ = {isa = PBXFileReference; explicitFileType = wrapper.cfbundle; includeInIndex = 0; path = ProductCleanUITests.xctest; sourceTree = BUILT_PRODUCTS_DIR; };
		6D15AB172B84750900481F94 /* ProductCleanUITests.swift */ = {isa = PBXFileReference; lastKnownFileType = sourcecode.swift; path = ProductCleanUITests.swift; sourceTree = "<group>"; };
		6D15AB192B84750900481F94 /* ProductCleanUITestsLaunchTests.swift */ = {isa = PBXFileReference; lastKnownFileType = sourcecode.swift; path = ProductCleanUITestsLaunchTests.swift; sourceTree = "<group>"; };
		6D15AB282B84783100481F94 /* ProductCleanApp.swift */ = {isa = PBXFileReference; fileEncoding = 4; lastKnownFileType = sourcecode.swift; path = ProductCleanApp.swift; sourceTree = "<group>"; };
		6D15AB3A2B84783100481F94 /* Assets.xcassets */ = {isa = PBXFileReference; lastKnownFileType = folder.assetcatalog; path = Assets.xcassets; sourceTree = "<group>"; };
		6D15AB3C2B84783100481F94 /* Preview Assets.xcassets */ = {isa = PBXFileReference; lastKnownFileType = folder.assetcatalog; path = "Preview Assets.xcassets"; sourceTree = "<group>"; };
		6D15AB422B847BB700481F94 /* ProductListView.swift */ = {isa = PBXFileReference; lastKnownFileType = sourcecode.swift; path = ProductListView.swift; sourceTree = "<group>"; };
		6D15AB442B847BE500481F94 /* AppDIContainer.swift */ = {isa = PBXFileReference; lastKnownFileType = sourcecode.swift; path = AppDIContainer.swift; sourceTree = "<group>"; };
		6D15AB462B848BD500481F94 /* ProductListViewModel.swift */ = {isa = PBXFileReference; lastKnownFileType = sourcecode.swift; path = ProductListViewModel.swift; sourceTree = "<group>"; };
		6D15AB482B8494C400481F94 /* ProductListItemViewModel.swift */ = {isa = PBXFileReference; lastKnownFileType = sourcecode.swift; path = ProductListItemViewModel.swift; sourceTree = "<group>"; };
		6D15AB4E2B84B81600481F94 /* HeaderImageView.swift */ = {isa = PBXFileReference; lastKnownFileType = sourcecode.swift; path = HeaderImageView.swift; sourceTree = "<group>"; };
		6D15AB502B84B8DC00481F94 /* ProductItemView.swift */ = {isa = PBXFileReference; lastKnownFileType = sourcecode.swift; path = ProductItemView.swift; sourceTree = "<group>"; };
		6D15AB522B84BAA700481F94 /* ProductListLayout.swift */ = {isa = PBXFileReference; lastKnownFileType = sourcecode.swift; path = ProductListLayout.swift; sourceTree = "<group>"; };
		6D15AB562B84CFC200481F94 /* ErrorView.swift */ = {isa = PBXFileReference; lastKnownFileType = sourcecode.swift; path = ErrorView.swift; sourceTree = "<group>"; };
		6D15AB5A2B84DD1900481F94 /* ProductListUseCase.swift */ = {isa = PBXFileReference; lastKnownFileType = sourcecode.swift; path = ProductListUseCase.swift; sourceTree = "<group>"; };
		6D15AB5C2B84DEF500481F94 /* Product.swift */ = {isa = PBXFileReference; lastKnownFileType = sourcecode.swift; path = Product.swift; sourceTree = "<group>"; };
		6D15AB622B84E7FA00481F94 /* ProductDataListDTO.swift */ = {isa = PBXFileReference; lastKnownFileType = sourcecode.swift; path = ProductDataListDTO.swift; sourceTree = "<group>"; };
		6D15AB652B84E96E00481F94 /* ProductDomainListDTO.swift */ = {isa = PBXFileReference; fileEncoding = 4; lastKnownFileType = sourcecode.swift; path = ProductDomainListDTO.swift; sourceTree = "<group>"; };
		6D15AB672B84EEF800481F94 /* ProductListRepository.swift */ = {isa = PBXFileReference; lastKnownFileType = sourcecode.swift; path = ProductListRepository.swift; sourceTree = "<group>"; };
		6D15AB692B84EFA700481F94 /* ProductListService.swift */ = {isa = PBXFileReference; lastKnownFileType = sourcecode.swift; path = ProductListService.swift; sourceTree = "<group>"; };
		6D15AB6B2B85007000481F94 /* NetworkRequest.swift */ = {isa = PBXFileReference; lastKnownFileType = sourcecode.swift; path = NetworkRequest.swift; sourceTree = "<group>"; };
		6D15AB6D2B8501CF00481F94 /* NetworkError.swift */ = {isa = PBXFileReference; lastKnownFileType = sourcecode.swift; path = NetworkError.swift; sourceTree = "<group>"; };
		6D15AB6F2B85060500481F94 /* URLRequestCreater.swift */ = {isa = PBXFileReference; lastKnownFileType = sourcecode.swift; path = URLRequestCreater.swift; sourceTree = "<group>"; };
		6D15AB712B85061100481F94 /* NetworkManager.swift */ = {isa = PBXFileReference; lastKnownFileType = sourcecode.swift; path = NetworkManager.swift; sourceTree = "<group>"; };
		6D15AB732B851CB500481F94 /* AppConfiguration.swift */ = {isa = PBXFileReference; lastKnownFileType = sourcecode.swift; path = AppConfiguration.swift; sourceTree = "<group>"; };
		6D15AB752B85493100481F94 /* ProductListModule.swift */ = {isa = PBXFileReference; lastKnownFileType = sourcecode.swift; path = ProductListModule.swift; sourceTree = "<group>"; };
		6D15AB772B85CBFC00481F94 /* ProductDetailsModule.swift */ = {isa = PBXFileReference; lastKnownFileType = sourcecode.swift; path = ProductDetailsModule.swift; sourceTree = "<group>"; };
		6D15AB7B2B85CC5E00481F94 /* ProductDetailsView.swift */ = {isa = PBXFileReference; lastKnownFileType = sourcecode.swift; path = ProductDetailsView.swift; sourceTree = "<group>"; };
		6D15AB7D2B85CC8900481F94 /* ProductDetailsViewModel.swift */ = {isa = PBXFileReference; lastKnownFileType = sourcecode.swift; path = ProductDetailsViewModel.swift; sourceTree = "<group>"; };
		6D15AB7F2B85D21A00481F94 /* ProductDetailsItemViewModel.swift */ = {isa = PBXFileReference; lastKnownFileType = sourcecode.swift; path = ProductDetailsItemViewModel.swift; sourceTree = "<group>"; };
		6D15AB812B85E11900481F94 /* SharedURLSession.swift */ = {isa = PBXFileReference; lastKnownFileType = sourcecode.swift; path = SharedURLSession.swift; sourceTree = "<group>"; };
		6D15AB832B85E2DF00481F94 /* SharedURLSessionDelegate.swift */ = {isa = PBXFileReference; lastKnownFileType = sourcecode.swift; path = SharedURLSessionDelegate.swift; sourceTree = "<group>"; };
		6DE38B972B86251A008498A3 /* ProductCleanSnapshotTests.xctest */ = {isa = PBXFileReference; explicitFileType = wrapper.cfbundle; includeInIndex = 0; path = ProductCleanSnapshotTests.xctest; sourceTree = BUILT_PRODUCTS_DIR; };
		6DE38B992B86251A008498A3 /* ProductListViewSnapshotTests.swift */ = {isa = PBXFileReference; lastKnownFileType = sourcecode.swift; path = ProductListViewSnapshotTests.swift; sourceTree = "<group>"; };
		6DE38BA02B862D68008498A3 /* HeaderImageViewSnapshotTests.swift */ = {isa = PBXFileReference; fileEncoding = 4; lastKnownFileType = sourcecode.swift; path = HeaderImageViewSnapshotTests.swift; sourceTree = "<group>"; };
		6DE38BA12B862D68008498A3 /* ProductItemViewSnapshotTests.swift */ = {isa = PBXFileReference; fileEncoding = 4; lastKnownFileType = sourcecode.swift; path = ProductItemViewSnapshotTests.swift; sourceTree = "<group>"; };
		6DE38BA22B862D68008498A3 /* ErrorViewSnapshotTests.swift */ = {isa = PBXFileReference; fileEncoding = 4; lastKnownFileType = sourcecode.swift; path = ErrorViewSnapshotTests.swift; sourceTree = "<group>"; };
		6DE38BA32B862D68008498A3 /* ProductDetailsViewSnapshotTests.swift */ = {isa = PBXFileReference; fileEncoding = 4; lastKnownFileType = sourcecode.swift; path = ProductDetailsViewSnapshotTests.swift; sourceTree = "<group>"; };
		6DE38BA42B862D68008498A3 /* ProductListLayoutSnapshotTests.swift */ = {isa = PBXFileReference; fileEncoding = 4; lastKnownFileType = sourcecode.swift; path = ProductListLayoutSnapshotTests.swift; sourceTree = "<group>"; };
		6DE38BAE2B863F0E008498A3 /* ProductListViewModelMock.swift */ = {isa = PBXFileReference; lastKnownFileType = sourcecode.swift; path = ProductListViewModelMock.swift; sourceTree = "<group>"; };
		6DE38BB32B864675008498A3 /* Products.json */ = {isa = PBXFileReference; fileEncoding = 4; lastKnownFileType = text.json; path = Products.json; sourceTree = "<group>"; };
		6DE38BB72B865176008498A3 /* MockNetworkRequest.swift */ = {isa = PBXFileReference; lastKnownFileType = sourcecode.swift; path = MockNetworkRequest.swift; sourceTree = "<group>"; };
		6DE38BB92B865258008498A3 /* URLRequestCreaterTests.swift */ = {isa = PBXFileReference; lastKnownFileType = sourcecode.swift; path = URLRequestCreaterTests.swift; sourceTree = "<group>"; };
		6DE38BBB2B865FED008498A3 /* MockNetworkSessionManager.swift */ = {isa = PBXFileReference; lastKnownFileType = sourcecode.swift; path = MockNetworkSessionManager.swift; sourceTree = "<group>"; };
		6DE38BBD2B867187008498A3 /* NetworkSessionManager.swift */ = {isa = PBXFileReference; lastKnownFileType = sourcecode.swift; path = NetworkSessionManager.swift; sourceTree = "<group>"; };
		6DE38BBF2B867BE2008498A3 /* NetworkManagerTests.swift */ = {isa = PBXFileReference; lastKnownFileType = sourcecode.swift; path = NetworkManagerTests.swift; sourceTree = "<group>"; };
		6DE38BC12B867E52008498A3 /* MockData.swift */ = {isa = PBXFileReference; lastKnownFileType = sourcecode.swift; path = MockData.swift; sourceTree = "<group>"; };
		6DE38BC42B869723008498A3 /* MockNetworkManager.swift */ = {isa = PBXFileReference; lastKnownFileType = sourcecode.swift; path = MockNetworkManager.swift; sourceTree = "<group>"; };
		6DE38BC62B869960008498A3 /* ProductListServiceTests.swift */ = {isa = PBXFileReference; lastKnownFileType = sourcecode.swift; path = ProductListServiceTests.swift; sourceTree = "<group>"; };
		6DE38BC82B869BDB008498A3 /* MockProductListService.swift */ = {isa = PBXFileReference; lastKnownFileType = sourcecode.swift; path = MockProductListService.swift; sourceTree = "<group>"; };
		6DE38BCA2B869D91008498A3 /* ProductListRepositoryTest.swift */ = {isa = PBXFileReference; lastKnownFileType = sourcecode.swift; path = ProductListRepositoryTest.swift; sourceTree = "<group>"; };
		6DE38BCC2B869FDA008498A3 /* MockProductListRepository.swift */ = {isa = PBXFileReference; lastKnownFileType = sourcecode.swift; path = MockProductListRepository.swift; sourceTree = "<group>"; };
		6DE38BCE2B86A0A7008498A3 /* ProductListUseCaseTests.swift */ = {isa = PBXFileReference; lastKnownFileType = sourcecode.swift; path = ProductListUseCaseTests.swift; sourceTree = "<group>"; };
		6DE38BD02B86A1F9008498A3 /* MockProductListUseCase.swift */ = {isa = PBXFileReference; lastKnownFileType = sourcecode.swift; path = MockProductListUseCase.swift; sourceTree = "<group>"; };
		6DE38BD22B86A244008498A3 /* ProductListViewModelTests.swift */ = {isa = PBXFileReference; lastKnownFileType = sourcecode.swift; path = ProductListViewModelTests.swift; sourceTree = "<group>"; };
		AA6768028B48472586D00866 /* Pods-ProductCleanSnapshotTests.debug.xcconfig */ = {isa = PBXFileReference; includeInIndex = 1; lastKnownFileType = text.xcconfig; name = "Pods-ProductCleanSnapshotTests.debug.xcconfig"; path = "Target Support Files/Pods-ProductCleanSnapshotTests/Pods-ProductCleanSnapshotTests.debug.xcconfig"; sourceTree = "<group>"; };
		AAD0096372E59A20C4F2379E /* Pods_ProductClean_ProductCleanUITests.framework */ = {isa = PBXFileReference; explicitFileType = wrapper.framework; includeInIndex = 0; path = Pods_ProductClean_ProductCleanUITests.framework; sourceTree = BUILT_PRODUCTS_DIR; };
		AC5AC825D0D9F9B8242B1172 /* Pods-ProductCleanTests.release.xcconfig */ = {isa = PBXFileReference; includeInIndex = 1; lastKnownFileType = text.xcconfig; name = "Pods-ProductCleanTests.release.xcconfig"; path = "Target Support Files/Pods-ProductCleanTests/Pods-ProductCleanTests.release.xcconfig"; sourceTree = "<group>"; };
		D40362C203D0330B3ABC50CB /* Pods-ProductClean-ProductCleanUITests.debug.xcconfig */ = {isa = PBXFileReference; includeInIndex = 1; lastKnownFileType = text.xcconfig; name = "Pods-ProductClean-ProductCleanUITests.debug.xcconfig"; path = "Target Support Files/Pods-ProductClean-ProductCleanUITests/Pods-ProductClean-ProductCleanUITests.debug.xcconfig"; sourceTree = "<group>"; };
		E7B1C042EB398A246365CC5C /* Pods-ProductClean.debug.xcconfig */ = {isa = PBXFileReference; includeInIndex = 1; lastKnownFileType = text.xcconfig; name = "Pods-ProductClean.debug.xcconfig"; path = "Target Support Files/Pods-ProductClean/Pods-ProductClean.debug.xcconfig"; sourceTree = "<group>"; };
/* End PBXFileReference section */

/* Begin PBXFrameworksBuildPhase section */
		6D15AAF62B84750800481F94 /* Frameworks */ = {
			isa = PBXFrameworksBuildPhase;
			buildActionMask = 2147483647;
			files = (
				001F69A38955F14A329A54DA /* Pods_ProductClean.framework in Frameworks */,
			);
			runOnlyForDeploymentPostprocessing = 0;
		};
		6D15AB062B84750900481F94 /* Frameworks */ = {
			isa = PBXFrameworksBuildPhase;
			buildActionMask = 2147483647;
			files = (
				967E95ACDDA5E3556A1B0242 /* Pods_ProductCleanTests.framework in Frameworks */,
			);
			runOnlyForDeploymentPostprocessing = 0;
		};
		6D15AB102B84750900481F94 /* Frameworks */ = {
			isa = PBXFrameworksBuildPhase;
			buildActionMask = 2147483647;
			files = (
				38BE9527B7A807B571E823A2 /* Pods_ProductClean_ProductCleanUITests.framework in Frameworks */,
			);
			runOnlyForDeploymentPostprocessing = 0;
		};
		6DE38B942B86251A008498A3 /* Frameworks */ = {
			isa = PBXFrameworksBuildPhase;
			buildActionMask = 2147483647;
			files = (
				FC1797A1A118746904C2B04F /* Pods_ProductCleanSnapshotTests.framework in Frameworks */,
			);
			runOnlyForDeploymentPostprocessing = 0;
		};
/* End PBXFrameworksBuildPhase section */

/* Begin PBXGroup section */
		6D15AAF02B84750800481F94 = {
			isa = PBXGroup;
			children = (
				6D15AAFB2B84750800481F94 /* ProductClean */,
				6D15AB0C2B84750900481F94 /* ProductCleanTests */,
				6D15AB162B84750900481F94 /* ProductCleanUITests */,
				6DE38B982B86251A008498A3 /* ProductCleanSnapshotTests */,
				6D15AAFA2B84750800481F94 /* Products */,
				D1D91C1BFCDBBB9C7E075452 /* Pods */,
				80B75C0BC5EA0E6022382673 /* Frameworks */,
			);
			sourceTree = "<group>";
		};
		6D15AAFA2B84750800481F94 /* Products */ = {
			isa = PBXGroup;
			children = (
				6D15AAF92B84750800481F94 /* ProductClean.app */,
				6D15AB092B84750900481F94 /* ProductCleanTests.xctest */,
				6D15AB132B84750900481F94 /* ProductCleanUITests.xctest */,
				6DE38B972B86251A008498A3 /* ProductCleanSnapshotTests.xctest */,
			);
			name = Products;
			sourceTree = "<group>";
		};
		6D15AAFB2B84750800481F94 /* ProductClean */ = {
			isa = PBXGroup;
			children = (
				6D15AB272B84783100481F94 /* Application */,
				6D15AB2A2B84783100481F94 /* Modules */,
				6D15AB292B84783100481F94 /* Networking */,
				6D15AB392B84783100481F94 /* Resources */,
				6D15AB4D2B84B77E00481F94 /* CommonViews */,
			);
			path = ProductClean;
			sourceTree = "<group>";
		};
		6D15AB0C2B84750900481F94 /* ProductCleanTests */ = {
			isa = PBXGroup;
			children = (
				6DE38BC32B8696C2008498A3 /* ProductLis */,
				6DE38BB12B864675008498A3 /* Networking */,
				6DE38BB02B864675008498A3 /* ProductListModule */,
				6DE38BB22B864675008498A3 /* Resources */,
			);
			path = ProductCleanTests;
			sourceTree = "<group>";
		};
		6D15AB162B84750900481F94 /* ProductCleanUITests */ = {
			isa = PBXGroup;
			children = (
				6D15AB172B84750900481F94 /* ProductCleanUITests.swift */,
				6D15AB192B84750900481F94 /* ProductCleanUITestsLaunchTests.swift */,
			);
			path = ProductCleanUITests;
			sourceTree = "<group>";
		};
		6D15AB272B84783100481F94 /* Application */ = {
			isa = PBXGroup;
			children = (
				6D15AB282B84783100481F94 /* ProductCleanApp.swift */,
				6D15AB442B847BE500481F94 /* AppDIContainer.swift */,
				6D15AB732B851CB500481F94 /* AppConfiguration.swift */,
			);
			path = Application;
			sourceTree = "<group>";
		};
		6D15AB292B84783100481F94 /* Networking */ = {
			isa = PBXGroup;
			children = (
				6D15AB6B2B85007000481F94 /* NetworkRequest.swift */,
				6D15AB6D2B8501CF00481F94 /* NetworkError.swift */,
				6D15AB6F2B85060500481F94 /* URLRequestCreater.swift */,
				6DE38BBD2B867187008498A3 /* NetworkSessionManager.swift */,
				6D15AB812B85E11900481F94 /* SharedURLSession.swift */,
				6D15AB832B85E2DF00481F94 /* SharedURLSessionDelegate.swift */,
				6D15AB712B85061100481F94 /* NetworkManager.swift */,
			);
			path = Networking;
			sourceTree = "<group>";
		};
		6D15AB2A2B84783100481F94 /* Modules */ = {
			isa = PBXGroup;
			children = (
				6D15AB322B84783100481F94 /* ProductList */,
				6D15AB2B2B84783100481F94 /* ProductDetails */,
			);
			path = Modules;
			sourceTree = "<group>";
		};
		6D15AB2B2B84783100481F94 /* ProductDetails */ = {
			isa = PBXGroup;
			children = (
				6D15AB772B85CBFC00481F94 /* ProductDetailsModule.swift */,
				6D15AB2E2B84783100481F94 /* Presentation */,
				6D15AB2D2B84783100481F94 /* Domain */,
				6D15AB2C2B84783100481F94 /* Data */,
			);
			path = ProductDetails;
			sourceTree = "<group>";
		};
		6D15AB2C2B84783100481F94 /* Data */ = {
			isa = PBXGroup;
			children = (
			);
			path = Data;
			sourceTree = "<group>";
		};
		6D15AB2D2B84783100481F94 /* Domain */ = {
			isa = PBXGroup;
			children = (
			);
			path = Domain;
			sourceTree = "<group>";
		};
		6D15AB2E2B84783100481F94 /* Presentation */ = {
			isa = PBXGroup;
			children = (
				6D15AB2F2B84783100481F94 /* ViewModel */,
				6D15AB302B84783100481F94 /* Views */,
				6D15AB312B84783100481F94 /* Entities */,
			);
			path = Presentation;
			sourceTree = "<group>";
		};
		6D15AB2F2B84783100481F94 /* ViewModel */ = {
			isa = PBXGroup;
			children = (
				6D15AB7D2B85CC8900481F94 /* ProductDetailsViewModel.swift */,
				6D15AB7F2B85D21A00481F94 /* ProductDetailsItemViewModel.swift */,
			);
			path = ViewModel;
			sourceTree = "<group>";
		};
		6D15AB302B84783100481F94 /* Views */ = {
			isa = PBXGroup;
			children = (
				6D15AB7B2B85CC5E00481F94 /* ProductDetailsView.swift */,
			);
			path = Views;
			sourceTree = "<group>";
		};
		6D15AB312B84783100481F94 /* Entities */ = {
			isa = PBXGroup;
			children = (
			);
			path = Entities;
			sourceTree = "<group>";
		};
		6D15AB322B84783100481F94 /* ProductList */ = {
			isa = PBXGroup;
			children = (
				6D15AB752B85493100481F94 /* ProductListModule.swift */,
				6D15AB352B84783100481F94 /* Presentation */,
				6D15AB342B84783100481F94 /* Domain */,
				6D15AB332B84783100481F94 /* Data */,
			);
			path = ProductList;
			sourceTree = "<group>";
		};
		6D15AB332B84783100481F94 /* Data */ = {
			isa = PBXGroup;
			children = (
				6D15AB592B84DD0C00481F94 /* Entity */,
				6D15AB602B84E7D900481F94 /* Repository */,
				6D15AB612B84E7D900481F94 /* Services */,
			);
			path = Data;
			sourceTree = "<group>";
		};
		6D15AB342B84783100481F94 /* Domain */ = {
			isa = PBXGroup;
			children = (
				6D15AB642B84E96E00481F94 /* Entity */,
				6D15AB582B84DD0200481F94 /* UseCase */,
			);
			path = Domain;
			sourceTree = "<group>";
		};
		6D15AB352B84783100481F94 /* Presentation */ = {
			isa = PBXGroup;
			children = (
				6D15AB362B84783100481F94 /* ViewModel */,
				6D15AB372B84783100481F94 /* Views */,
				6D15AB382B84783100481F94 /* Entities */,
			);
			path = Presentation;
			sourceTree = "<group>";
		};
		6D15AB362B84783100481F94 /* ViewModel */ = {
			isa = PBXGroup;
			children = (
				6D15AB462B848BD500481F94 /* ProductListViewModel.swift */,
				6D15AB482B8494C400481F94 /* ProductListItemViewModel.swift */,
			);
			path = ViewModel;
			sourceTree = "<group>";
		};
		6D15AB372B84783100481F94 /* Views */ = {
			isa = PBXGroup;
			children = (
				6D15AB422B847BB700481F94 /* ProductListView.swift */,
				6D15AB502B84B8DC00481F94 /* ProductItemView.swift */,
				6D15AB522B84BAA700481F94 /* ProductListLayout.swift */,
			);
			path = Views;
			sourceTree = "<group>";
		};
		6D15AB382B84783100481F94 /* Entities */ = {
			isa = PBXGroup;
			children = (
				6D15AB5C2B84DEF500481F94 /* Product.swift */,
			);
			path = Entities;
			sourceTree = "<group>";
		};
		6D15AB392B84783100481F94 /* Resources */ = {
			isa = PBXGroup;
			children = (
				6D15AB3A2B84783100481F94 /* Assets.xcassets */,
				6D15AB3B2B84783100481F94 /* Preview Content */,
			);
			path = Resources;
			sourceTree = "<group>";
		};
		6D15AB3B2B84783100481F94 /* Preview Content */ = {
			isa = PBXGroup;
			children = (
				6D15AB3C2B84783100481F94 /* Preview Assets.xcassets */,
			);
			path = "Preview Content";
			sourceTree = "<group>";
		};
		6D15AB4D2B84B77E00481F94 /* CommonViews */ = {
			isa = PBXGroup;
			children = (
				6D15AB4E2B84B81600481F94 /* HeaderImageView.swift */,
				6D15AB562B84CFC200481F94 /* ErrorView.swift */,
			);
			path = CommonViews;
			sourceTree = "<group>";
		};
		6D15AB582B84DD0200481F94 /* UseCase */ = {
			isa = PBXGroup;
			children = (
				6D15AB5A2B84DD1900481F94 /* ProductListUseCase.swift */,
			);
			path = UseCase;
			sourceTree = "<group>";
		};
		6D15AB592B84DD0C00481F94 /* Entity */ = {
			isa = PBXGroup;
			children = (
				6D15AB622B84E7FA00481F94 /* ProductDataListDTO.swift */,
			);
			path = Entity;
			sourceTree = "<group>";
		};
		6D15AB602B84E7D900481F94 /* Repository */ = {
			isa = PBXGroup;
			children = (
				6D15AB672B84EEF800481F94 /* ProductListRepository.swift */,
			);
			path = Repository;
			sourceTree = "<group>";
		};
		6D15AB612B84E7D900481F94 /* Services */ = {
			isa = PBXGroup;
			children = (
				6D15AB692B84EFA700481F94 /* ProductListService.swift */,
			);
			path = Services;
			sourceTree = "<group>";
		};
		6D15AB642B84E96E00481F94 /* Entity */ = {
			isa = PBXGroup;
			children = (
				6D15AB652B84E96E00481F94 /* ProductDomainListDTO.swift */,
			);
			path = Entity;
			sourceTree = "<group>";
		};
		6DE38B982B86251A008498A3 /* ProductCleanSnapshotTests */ = {
			isa = PBXGroup;
			children = (
				6DE38BAA2B863B3C008498A3 /* Mock */,
				6DE38B992B86251A008498A3 /* ProductListViewSnapshotTests.swift */,
				6DE38BA22B862D68008498A3 /* ErrorViewSnapshotTests.swift */,
				6DE38BA02B862D68008498A3 /* HeaderImageViewSnapshotTests.swift */,
				6DE38BA32B862D68008498A3 /* ProductDetailsViewSnapshotTests.swift */,
				6DE38BA12B862D68008498A3 /* ProductItemViewSnapshotTests.swift */,
				6DE38BA42B862D68008498A3 /* ProductListLayoutSnapshotTests.swift */,
			);
			path = ProductCleanSnapshotTests;
			sourceTree = "<group>";
		};
		6DE38BAA2B863B3C008498A3 /* Mock */ = {
			isa = PBXGroup;
			children = (
				6DE38BAE2B863F0E008498A3 /* ProductListViewModelMock.swift */,
			);
			path = Mock;
			sourceTree = "<group>";
		};
		6DE38BB02B864675008498A3 /* ProductListModule */ = {
			isa = PBXGroup;
			children = (
			);
			path = ProductListModule;
			sourceTree = "<group>";
		};
		6DE38BB12B864675008498A3 /* Networking */ = {
			isa = PBXGroup;
			children = (
				6DE38BB62B86512E008498A3 /* Mock */,
				6DE38BB92B865258008498A3 /* URLRequestCreaterTests.swift */,
				6DE38BBF2B867BE2008498A3 /* NetworkManagerTests.swift */,
			);
			path = Networking;
			sourceTree = "<group>";
		};
		6DE38BB22B864675008498A3 /* Resources */ = {
			isa = PBXGroup;
			children = (
				6DE38BB32B864675008498A3 /* Products.json */,
			);
			path = Resources;
			sourceTree = "<group>";
		};
		6DE38BB42B864675008498A3 /* Mock */ = {
			isa = PBXGroup;
			children = (
				6DE38BC12B867E52008498A3 /* MockData.swift */,
				6DE38BC42B869723008498A3 /* MockNetworkManager.swift */,
				6DE38BC82B869BDB008498A3 /* MockProductListService.swift */,
				6DE38BCC2B869FDA008498A3 /* MockProductListRepository.swift */,
				6DE38BD02B86A1F9008498A3 /* MockProductListUseCase.swift */,
			);
			path = Mock;
			sourceTree = "<group>";
		};
		6DE38BB62B86512E008498A3 /* Mock */ = {
			isa = PBXGroup;
			children = (
				6DE38BB72B865176008498A3 /* MockNetworkRequest.swift */,
				6DE38BBB2B865FED008498A3 /* MockNetworkSessionManager.swift */,
			);
			path = Mock;
			sourceTree = "<group>";
		};
		6DE38BC32B8696C2008498A3 /* ProductLis */ = {
			isa = PBXGroup;
			children = (
				6DE38BB42B864675008498A3 /* Mock */,
				6DE38BC62B869960008498A3 /* ProductListServiceTests.swift */,
				6DE38BCA2B869D91008498A3 /* ProductListRepositoryTest.swift */,
				6DE38BCE2B86A0A7008498A3 /* ProductListUseCaseTests.swift */,
				6DE38BD22B86A244008498A3 /* ProductListViewModelTests.swift */,
			);
			path = ProductLis;
			sourceTree = "<group>";
		};
		80B75C0BC5EA0E6022382673 /* Frameworks */ = {
			isa = PBXGroup;
			children = (
				1A6626158763F08FCA45D396 /* Pods_ProductClean.framework */,
				AAD0096372E59A20C4F2379E /* Pods_ProductClean_ProductCleanUITests.framework */,
				23986E8E2A3C9DBEDEE689CF /* Pods_ProductCleanSnapshotTests.framework */,
				4560F8431F58FA7E95F622FD /* Pods_ProductCleanTests.framework */,
			);
			name = Frameworks;
			sourceTree = "<group>";
		};
		D1D91C1BFCDBBB9C7E075452 /* Pods */ = {
			isa = PBXGroup;
			children = (
				E7B1C042EB398A246365CC5C /* Pods-ProductClean.debug.xcconfig */,
				40C22AFDC361C9D3738E95F9 /* Pods-ProductClean.release.xcconfig */,
				D40362C203D0330B3ABC50CB /* Pods-ProductClean-ProductCleanUITests.debug.xcconfig */,
				193A8B64A8071B0EB9EA28C4 /* Pods-ProductClean-ProductCleanUITests.release.xcconfig */,
				AA6768028B48472586D00866 /* Pods-ProductCleanSnapshotTests.debug.xcconfig */,
				02242463F9CCBE31079A5612 /* Pods-ProductCleanSnapshotTests.release.xcconfig */,
				0111F098F1DF94FFE9778AC1 /* Pods-ProductCleanTests.debug.xcconfig */,
				AC5AC825D0D9F9B8242B1172 /* Pods-ProductCleanTests.release.xcconfig */,
			);
			path = Pods;
			sourceTree = "<group>";
		};
/* End PBXGroup section */

/* Begin PBXNativeTarget section */
		6D15AAF82B84750800481F94 /* ProductClean */ = {
			isa = PBXNativeTarget;
			buildConfigurationList = 6D15AB1D2B84750900481F94 /* Build configuration list for PBXNativeTarget "ProductClean" */;
			buildPhases = (
				D5E56E6DE52919F2697D9490 /* [CP] Check Pods Manifest.lock */,
				6D15AAF52B84750800481F94 /* Sources */,
				6D15AAF62B84750800481F94 /* Frameworks */,
				6D15AAF72B84750800481F94 /* Resources */,
				6D15AB262B8475A800481F94 /* ShellScript */,
				FD04B69E00F09307B7493AAF /* [CP] Embed Pods Frameworks */,
			);
			buildRules = (
			);
			dependencies = (
			);
			name = ProductClean;
			productName = ProductClean;
			productReference = 6D15AAF92B84750800481F94 /* ProductClean.app */;
			productType = "com.apple.product-type.application";
		};
		6D15AB082B84750900481F94 /* ProductCleanTests */ = {
			isa = PBXNativeTarget;
			buildConfigurationList = 6D15AB202B84750900481F94 /* Build configuration list for PBXNativeTarget "ProductCleanTests" */;
			buildPhases = (
				E5E5A89C5BE7D46B3B27F7E3 /* [CP] Check Pods Manifest.lock */,
				6D15AB052B84750900481F94 /* Sources */,
				6D15AB062B84750900481F94 /* Frameworks */,
				6D15AB072B84750900481F94 /* Resources */,
			);
			buildRules = (
			);
			dependencies = (
				6D15AB0B2B84750900481F94 /* PBXTargetDependency */,
			);
			name = ProductCleanTests;
			productName = ProductCleanTests;
			productReference = 6D15AB092B84750900481F94 /* ProductCleanTests.xctest */;
			productType = "com.apple.product-type.bundle.unit-test";
		};
		6D15AB122B84750900481F94 /* ProductCleanUITests */ = {
			isa = PBXNativeTarget;
			buildConfigurationList = 6D15AB232B84750900481F94 /* Build configuration list for PBXNativeTarget "ProductCleanUITests" */;
			buildPhases = (
				F6F4260D05021F9C82F94D98 /* [CP] Check Pods Manifest.lock */,
				6D15AB0F2B84750900481F94 /* Sources */,
				6D15AB102B84750900481F94 /* Frameworks */,
				6D15AB112B84750900481F94 /* Resources */,
				D90D8FE046C72639340C776E /* [CP] Embed Pods Frameworks */,
			);
			buildRules = (
			);
			dependencies = (
				6D15AB152B84750900481F94 /* PBXTargetDependency */,
			);
			name = ProductCleanUITests;
			productName = ProductCleanUITests;
			productReference = 6D15AB132B84750900481F94 /* ProductCleanUITests.xctest */;
			productType = "com.apple.product-type.bundle.ui-testing";
		};
		6DE38B962B86251A008498A3 /* ProductCleanSnapshotTests */ = {
			isa = PBXNativeTarget;
			buildConfigurationList = 6DE38B9F2B86251A008498A3 /* Build configuration list for PBXNativeTarget "ProductCleanSnapshotTests" */;
			buildPhases = (
				A0704F2AC3BB618A9E820AB1 /* [CP] Check Pods Manifest.lock */,
				6DE38B932B86251A008498A3 /* Sources */,
				6DE38B942B86251A008498A3 /* Frameworks */,
				6DE38B952B86251A008498A3 /* Resources */,
				99A944E4DEE1467E019957F8 /* [CP] Embed Pods Frameworks */,
			);
			buildRules = (
			);
			dependencies = (
				6DE38B9C2B86251A008498A3 /* PBXTargetDependency */,
			);
			name = ProductCleanSnapshotTests;
			productName = ProductCleanSnapshotTests;
			productReference = 6DE38B972B86251A008498A3 /* ProductCleanSnapshotTests.xctest */;
			productType = "com.apple.product-type.bundle.unit-test";
		};
/* End PBXNativeTarget section */

/* Begin PBXProject section */
		6D15AAF12B84750800481F94 /* Project object */ = {
			isa = PBXProject;
			attributes = {
				BuildIndependentTargetsInParallel = 1;
				LastSwiftUpdateCheck = 1510;
				LastUpgradeCheck = 1510;
				TargetAttributes = {
					6D15AAF82B84750800481F94 = {
						CreatedOnToolsVersion = 15.1;
					};
					6D15AB082B84750900481F94 = {
						CreatedOnToolsVersion = 15.1;
						LastSwiftMigration = 1510;
						TestTargetID = 6D15AAF82B84750800481F94;
					};
					6D15AB122B84750900481F94 = {
						CreatedOnToolsVersion = 15.1;
						TestTargetID = 6D15AAF82B84750800481F94;
					};
					6DE38B962B86251A008498A3 = {
						CreatedOnToolsVersion = 15.1;
						TestTargetID = 6D15AAF82B84750800481F94;
					};
				};
			};
			buildConfigurationList = 6D15AAF42B84750800481F94 /* Build configuration list for PBXProject "ProductClean" */;
			compatibilityVersion = "Xcode 14.0";
			developmentRegion = en;
			hasScannedForEncodings = 0;
			knownRegions = (
				en,
				Base,
			);
			mainGroup = 6D15AAF02B84750800481F94;
			productRefGroup = 6D15AAFA2B84750800481F94 /* Products */;
			projectDirPath = "";
			projectRoot = "";
			targets = (
				6D15AAF82B84750800481F94 /* ProductClean */,
				6D15AB082B84750900481F94 /* ProductCleanTests */,
				6D15AB122B84750900481F94 /* ProductCleanUITests */,
				6DE38B962B86251A008498A3 /* ProductCleanSnapshotTests */,
			);
		};
/* End PBXProject section */

/* Begin PBXResourcesBuildPhase section */
		6D15AAF72B84750800481F94 /* Resources */ = {
			isa = PBXResourcesBuildPhase;
			buildActionMask = 2147483647;
			files = (
				6D15AB412B84788A00481F94 /* Preview Assets.xcassets in Resources */,
				6D15AB402B84788600481F94 /* Assets.xcassets in Resources */,
			);
			runOnlyForDeploymentPostprocessing = 0;
		};
		6D15AB072B84750900481F94 /* Resources */ = {
			isa = PBXResourcesBuildPhase;
			buildActionMask = 2147483647;
			files = (
				6DE38BB52B864675008498A3 /* Products.json in Resources */,
			);
			runOnlyForDeploymentPostprocessing = 0;
		};
		6D15AB112B84750900481F94 /* Resources */ = {
			isa = PBXResourcesBuildPhase;
			buildActionMask = 2147483647;
			files = (
			);
			runOnlyForDeploymentPostprocessing = 0;
		};
		6DE38B952B86251A008498A3 /* Resources */ = {
			isa = PBXResourcesBuildPhase;
			buildActionMask = 2147483647;
			files = (
			);
			runOnlyForDeploymentPostprocessing = 0;
		};
/* End PBXResourcesBuildPhase section */

/* Begin PBXShellScriptBuildPhase section */
		6D15AB262B8475A800481F94 /* ShellScript */ = {
			isa = PBXShellScriptBuildPhase;
			buildActionMask = 2147483647;
			files = (
			);
			inputFileListPaths = (
			);
			inputPaths = (
			);
			outputFileListPaths = (
			);
			outputPaths = (
			);
			runOnlyForDeploymentPostprocessing = 0;
			shellPath = /bin/sh;
			shellScript = "# Type a script or drag a script file from your workspace to insert its path.\n";
		};
		99A944E4DEE1467E019957F8 /* [CP] Embed Pods Frameworks */ = {
			isa = PBXShellScriptBuildPhase;
			buildActionMask = 2147483647;
			files = (
			);
			inputFileListPaths = (
				"${PODS_ROOT}/Target Support Files/Pods-ProductCleanSnapshotTests/Pods-ProductCleanSnapshotTests-frameworks-${CONFIGURATION}-input-files.xcfilelist",
			);
			name = "[CP] Embed Pods Frameworks";
			outputFileListPaths = (
				"${PODS_ROOT}/Target Support Files/Pods-ProductCleanSnapshotTests/Pods-ProductCleanSnapshotTests-frameworks-${CONFIGURATION}-output-files.xcfilelist",
			);
			runOnlyForDeploymentPostprocessing = 0;
			shellPath = /bin/sh;
			shellScript = "\"${PODS_ROOT}/Target Support Files/Pods-ProductCleanSnapshotTests/Pods-ProductCleanSnapshotTests-frameworks.sh\"\n";
			showEnvVarsInLog = 0;
		};
		A0704F2AC3BB618A9E820AB1 /* [CP] Check Pods Manifest.lock */ = {
			isa = PBXShellScriptBuildPhase;
			buildActionMask = 2147483647;
			files = (
			);
			inputFileListPaths = (
			);
			inputPaths = (
				"${PODS_PODFILE_DIR_PATH}/Podfile.lock",
				"${PODS_ROOT}/Manifest.lock",
			);
			name = "[CP] Check Pods Manifest.lock";
			outputFileListPaths = (
			);
			outputPaths = (
				"$(DERIVED_FILE_DIR)/Pods-ProductCleanSnapshotTests-checkManifestLockResult.txt",
			);
			runOnlyForDeploymentPostprocessing = 0;
			shellPath = /bin/sh;
			shellScript = "diff \"${PODS_PODFILE_DIR_PATH}/Podfile.lock\" \"${PODS_ROOT}/Manifest.lock\" > /dev/null\nif [ $? != 0 ] ; then\n    # print error to STDERR\n    echo \"error: The sandbox is not in sync with the Podfile.lock. Run 'pod install' or update your CocoaPods installation.\" >&2\n    exit 1\nfi\n# This output is used by Xcode 'outputs' to avoid re-running this script phase.\necho \"SUCCESS\" > \"${SCRIPT_OUTPUT_FILE_0}\"\n";
			showEnvVarsInLog = 0;
		};
		D5E56E6DE52919F2697D9490 /* [CP] Check Pods Manifest.lock */ = {
			isa = PBXShellScriptBuildPhase;
			buildActionMask = 2147483647;
			files = (
			);
			inputFileListPaths = (
			);
			inputPaths = (
				"${PODS_PODFILE_DIR_PATH}/Podfile.lock",
				"${PODS_ROOT}/Manifest.lock",
			);
			name = "[CP] Check Pods Manifest.lock";
			outputFileListPaths = (
			);
			outputPaths = (
				"$(DERIVED_FILE_DIR)/Pods-ProductClean-checkManifestLockResult.txt",
			);
			runOnlyForDeploymentPostprocessing = 0;
			shellPath = /bin/sh;
			shellScript = "diff \"${PODS_PODFILE_DIR_PATH}/Podfile.lock\" \"${PODS_ROOT}/Manifest.lock\" > /dev/null\nif [ $? != 0 ] ; then\n    # print error to STDERR\n    echo \"error: The sandbox is not in sync with the Podfile.lock. Run 'pod install' or update your CocoaPods installation.\" >&2\n    exit 1\nfi\n# This output is used by Xcode 'outputs' to avoid re-running this script phase.\necho \"SUCCESS\" > \"${SCRIPT_OUTPUT_FILE_0}\"\n";
			showEnvVarsInLog = 0;
		};
		D90D8FE046C72639340C776E /* [CP] Embed Pods Frameworks */ = {
			isa = PBXShellScriptBuildPhase;
			buildActionMask = 2147483647;
			files = (
			);
			inputFileListPaths = (
				"${PODS_ROOT}/Target Support Files/Pods-ProductClean-ProductCleanUITests/Pods-ProductClean-ProductCleanUITests-frameworks-${CONFIGURATION}-input-files.xcfilelist",
			);
			name = "[CP] Embed Pods Frameworks";
			outputFileListPaths = (
				"${PODS_ROOT}/Target Support Files/Pods-ProductClean-ProductCleanUITests/Pods-ProductClean-ProductCleanUITests-frameworks-${CONFIGURATION}-output-files.xcfilelist",
			);
			runOnlyForDeploymentPostprocessing = 0;
			shellPath = /bin/sh;
			shellScript = "\"${PODS_ROOT}/Target Support Files/Pods-ProductClean-ProductCleanUITests/Pods-ProductClean-ProductCleanUITests-frameworks.sh\"\n";
			showEnvVarsInLog = 0;
		};
		E5E5A89C5BE7D46B3B27F7E3 /* [CP] Check Pods Manifest.lock */ = {
			isa = PBXShellScriptBuildPhase;
			buildActionMask = 2147483647;
			files = (
			);
			inputFileListPaths = (
			);
			inputPaths = (
				"${PODS_PODFILE_DIR_PATH}/Podfile.lock",
				"${PODS_ROOT}/Manifest.lock",
			);
			name = "[CP] Check Pods Manifest.lock";
			outputFileListPaths = (
			);
			outputPaths = (
				"$(DERIVED_FILE_DIR)/Pods-ProductCleanTests-checkManifestLockResult.txt",
			);
			runOnlyForDeploymentPostprocessing = 0;
			shellPath = /bin/sh;
			shellScript = "diff \"${PODS_PODFILE_DIR_PATH}/Podfile.lock\" \"${PODS_ROOT}/Manifest.lock\" > /dev/null\nif [ $? != 0 ] ; then\n    # print error to STDERR\n    echo \"error: The sandbox is not in sync with the Podfile.lock. Run 'pod install' or update your CocoaPods installation.\" >&2\n    exit 1\nfi\n# This output is used by Xcode 'outputs' to avoid re-running this script phase.\necho \"SUCCESS\" > \"${SCRIPT_OUTPUT_FILE_0}\"\n";
			showEnvVarsInLog = 0;
		};
		F6F4260D05021F9C82F94D98 /* [CP] Check Pods Manifest.lock */ = {
			isa = PBXShellScriptBuildPhase;
			buildActionMask = 2147483647;
			files = (
			);
			inputFileListPaths = (
			);
			inputPaths = (
				"${PODS_PODFILE_DIR_PATH}/Podfile.lock",
				"${PODS_ROOT}/Manifest.lock",
			);
			name = "[CP] Check Pods Manifest.lock";
			outputFileListPaths = (
			);
			outputPaths = (
				"$(DERIVED_FILE_DIR)/Pods-ProductClean-ProductCleanUITests-checkManifestLockResult.txt",
			);
			runOnlyForDeploymentPostprocessing = 0;
			shellPath = /bin/sh;
			shellScript = "diff \"${PODS_PODFILE_DIR_PATH}/Podfile.lock\" \"${PODS_ROOT}/Manifest.lock\" > /dev/null\nif [ $? != 0 ] ; then\n    # print error to STDERR\n    echo \"error: The sandbox is not in sync with the Podfile.lock. Run 'pod install' or update your CocoaPods installation.\" >&2\n    exit 1\nfi\n# This output is used by Xcode 'outputs' to avoid re-running this script phase.\necho \"SUCCESS\" > \"${SCRIPT_OUTPUT_FILE_0}\"\n";
			showEnvVarsInLog = 0;
		};
		FD04B69E00F09307B7493AAF /* [CP] Embed Pods Frameworks */ = {
			isa = PBXShellScriptBuildPhase;
			buildActionMask = 2147483647;
			files = (
			);
			inputFileListPaths = (
				"${PODS_ROOT}/Target Support Files/Pods-ProductClean/Pods-ProductClean-frameworks-${CONFIGURATION}-input-files.xcfilelist",
			);
			name = "[CP] Embed Pods Frameworks";
			outputFileListPaths = (
				"${PODS_ROOT}/Target Support Files/Pods-ProductClean/Pods-ProductClean-frameworks-${CONFIGURATION}-output-files.xcfilelist",
			);
			runOnlyForDeploymentPostprocessing = 0;
			shellPath = /bin/sh;
			shellScript = "\"${PODS_ROOT}/Target Support Files/Pods-ProductClean/Pods-ProductClean-frameworks.sh\"\n";
			showEnvVarsInLog = 0;
		};
/* End PBXShellScriptBuildPhase section */

/* Begin PBXSourcesBuildPhase section */
		6D15AAF52B84750800481F94 /* Sources */ = {
			isa = PBXSourcesBuildPhase;
			buildActionMask = 2147483647;
			files = (
				6D15AB722B85061100481F94 /* NetworkManager.swift in Sources */,
				6D15AB762B85493100481F94 /* ProductListModule.swift in Sources */,
				6D15AB6E2B8501CF00481F94 /* NetworkError.swift in Sources */,
				6D15AB492B8494C400481F94 /* ProductListItemViewModel.swift in Sources */,
				6D15AB512B84B8DC00481F94 /* ProductItemView.swift in Sources */,
				6D15AB822B85E11900481F94 /* SharedURLSession.swift in Sources */,
				6D15AB6C2B85007000481F94 /* NetworkRequest.swift in Sources */,
				6D15AB7C2B85CC5E00481F94 /* ProductDetailsView.swift in Sources */,
				6D15AB842B85E2DF00481F94 /* SharedURLSessionDelegate.swift in Sources */,
				6D15AB452B847BE500481F94 /* AppDIContainer.swift in Sources */,
				6D15AB742B851CB500481F94 /* AppConfiguration.swift in Sources */,
				6DE38BBE2B867187008498A3 /* NetworkSessionManager.swift in Sources */,
				6D15AB432B847BB700481F94 /* ProductListView.swift in Sources */,
				6D15AB4F2B84B81600481F94 /* HeaderImageView.swift in Sources */,
				6D15AB7E2B85CC8900481F94 /* ProductDetailsViewModel.swift in Sources */,
				6D15AB5D2B84DEF500481F94 /* Product.swift in Sources */,
				6D15AB572B84CFC200481F94 /* ErrorView.swift in Sources */,
				6D15AB782B85CBFC00481F94 /* ProductDetailsModule.swift in Sources */,
				6D15AB532B84BAA700481F94 /* ProductListLayout.swift in Sources */,
				6D15AB5B2B84DD1900481F94 /* ProductListUseCase.swift in Sources */,
				6D15AB6A2B84EFA700481F94 /* ProductListService.swift in Sources */,
				6D15AB682B84EEF800481F94 /* ProductListRepository.swift in Sources */,
				6D15AB632B84E7FA00481F94 /* ProductDataListDTO.swift in Sources */,
				6D15AB662B84E96E00481F94 /* ProductDomainListDTO.swift in Sources */,
				6D15AB802B85D21A00481F94 /* ProductDetailsItemViewModel.swift in Sources */,
				6D15AB472B848BD500481F94 /* ProductListViewModel.swift in Sources */,
				6D15AB3D2B84783100481F94 /* ProductCleanApp.swift in Sources */,
				6D15AB702B85060500481F94 /* URLRequestCreater.swift in Sources */,
			);
			runOnlyForDeploymentPostprocessing = 0;
		};
		6D15AB052B84750900481F94 /* Sources */ = {
			isa = PBXSourcesBuildPhase;
			buildActionMask = 2147483647;
			files = (
				6DE38BC02B867BE2008498A3 /* NetworkManagerTests.swift in Sources */,
				6DE38BBC2B865FEE008498A3 /* MockNetworkSessionManager.swift in Sources */,
				6DE38BC52B869723008498A3 /* MockNetworkManager.swift in Sources */,
				6DE38BD12B86A1F9008498A3 /* MockProductListUseCase.swift in Sources */,
				6DE38BCD2B869FDA008498A3 /* MockProductListRepository.swift in Sources */,
				6DE38BCF2B86A0A7008498A3 /* ProductListUseCaseTests.swift in Sources */,
				6DE38BD32B86A244008498A3 /* ProductListViewModelTests.swift in Sources */,
				6DE38BCB2B869D92008498A3 /* ProductListRepositoryTest.swift in Sources */,
				6DE38BBA2B865258008498A3 /* URLRequestCreaterTests.swift in Sources */,
				6DE38BC72B869960008498A3 /* ProductListServiceTests.swift in Sources */,
				6DE38BB82B865176008498A3 /* MockNetworkRequest.swift in Sources */,
				6DE38BC22B867E52008498A3 /* MockData.swift in Sources */,
				6DE38BC92B869BDB008498A3 /* MockProductListService.swift in Sources */,
			);
			runOnlyForDeploymentPostprocessing = 0;
		};
		6D15AB0F2B84750900481F94 /* Sources */ = {
			isa = PBXSourcesBuildPhase;
			buildActionMask = 2147483647;
			files = (
				6D15AB1A2B84750900481F94 /* ProductCleanUITestsLaunchTests.swift in Sources */,
				6D15AB182B84750900481F94 /* ProductCleanUITests.swift in Sources */,
			);
			runOnlyForDeploymentPostprocessing = 0;
		};
		6DE38B932B86251A008498A3 /* Sources */ = {
			isa = PBXSourcesBuildPhase;
			buildActionMask = 2147483647;
			files = (
				6DE38B9A2B86251A008498A3 /* ProductListViewSnapshotTests.swift in Sources */,
				6DE38BA52B862D68008498A3 /* HeaderImageViewSnapshotTests.swift in Sources */,
				6DE38BA82B862D68008498A3 /* ProductDetailsViewSnapshotTests.swift in Sources */,
				6DE38BA62B862D68008498A3 /* ProductItemViewSnapshotTests.swift in Sources */,
				6DE38BA72B862D68008498A3 /* ErrorViewSnapshotTests.swift in Sources */,
				6DE38BAF2B863F0E008498A3 /* ProductListViewModelMock.swift in Sources */,
				6DE38BA92B862D68008498A3 /* ProductListLayoutSnapshotTests.swift in Sources */,
			);
			runOnlyForDeploymentPostprocessing = 0;
		};
/* End PBXSourcesBuildPhase section */

/* Begin PBXTargetDependency section */
		6D15AB0B2B84750900481F94 /* PBXTargetDependency */ = {
			isa = PBXTargetDependency;
			target = 6D15AAF82B84750800481F94 /* ProductClean */;
			targetProxy = 6D15AB0A2B84750900481F94 /* PBXContainerItemProxy */;
		};
		6D15AB152B84750900481F94 /* PBXTargetDependency */ = {
			isa = PBXTargetDependency;
			target = 6D15AAF82B84750800481F94 /* ProductClean */;
			targetProxy = 6D15AB142B84750900481F94 /* PBXContainerItemProxy */;
		};
		6DE38B9C2B86251A008498A3 /* PBXTargetDependency */ = {
			isa = PBXTargetDependency;
			target = 6D15AAF82B84750800481F94 /* ProductClean */;
			targetProxy = 6DE38B9B2B86251A008498A3 /* PBXContainerItemProxy */;
		};
/* End PBXTargetDependency section */

/* Begin XCBuildConfiguration section */
		6D15AB1B2B84750900481F94 /* Debug */ = {
			isa = XCBuildConfiguration;
			buildSettings = {
				ALWAYS_SEARCH_USER_PATHS = NO;
				ASSETCATALOG_COMPILER_GENERATE_SWIFT_ASSET_SYMBOL_EXTENSIONS = YES;
				CLANG_ANALYZER_NONNULL = YES;
				CLANG_ANALYZER_NUMBER_OBJECT_CONVERSION = YES_AGGRESSIVE;
				CLANG_CXX_LANGUAGE_STANDARD = "gnu++20";
				CLANG_ENABLE_MODULES = YES;
				CLANG_ENABLE_OBJC_ARC = YES;
				CLANG_ENABLE_OBJC_WEAK = YES;
				CLANG_WARN_BLOCK_CAPTURE_AUTORELEASING = YES;
				CLANG_WARN_BOOL_CONVERSION = YES;
				CLANG_WARN_COMMA = YES;
				CLANG_WARN_CONSTANT_CONVERSION = YES;
				CLANG_WARN_DEPRECATED_OBJC_IMPLEMENTATIONS = YES;
				CLANG_WARN_DIRECT_OBJC_ISA_USAGE = YES_ERROR;
				CLANG_WARN_DOCUMENTATION_COMMENTS = YES;
				CLANG_WARN_EMPTY_BODY = YES;
				CLANG_WARN_ENUM_CONVERSION = YES;
				CLANG_WARN_INFINITE_RECURSION = YES;
				CLANG_WARN_INT_CONVERSION = YES;
				CLANG_WARN_NON_LITERAL_NULL_CONVERSION = YES;
				CLANG_WARN_OBJC_IMPLICIT_RETAIN_SELF = YES;
				CLANG_WARN_OBJC_LITERAL_CONVERSION = YES;
				CLANG_WARN_OBJC_ROOT_CLASS = YES_ERROR;
				CLANG_WARN_QUOTED_INCLUDE_IN_FRAMEWORK_HEADER = YES;
				CLANG_WARN_RANGE_LOOP_ANALYSIS = YES;
				CLANG_WARN_STRICT_PROTOTYPES = YES;
				CLANG_WARN_SUSPICIOUS_MOVE = YES;
				CLANG_WARN_UNGUARDED_AVAILABILITY = YES_AGGRESSIVE;
				CLANG_WARN_UNREACHABLE_CODE = YES;
				CLANG_WARN__DUPLICATE_METHOD_MATCH = YES;
				COPY_PHASE_STRIP = NO;
				DEBUG_INFORMATION_FORMAT = dwarf;
				ENABLE_STRICT_OBJC_MSGSEND = YES;
				ENABLE_TESTABILITY = YES;
				ENABLE_USER_SCRIPT_SANDBOXING = YES;
				GCC_C_LANGUAGE_STANDARD = gnu17;
				GCC_DYNAMIC_NO_PIC = NO;
				GCC_NO_COMMON_BLOCKS = YES;
				GCC_OPTIMIZATION_LEVEL = 0;
				GCC_PREPROCESSOR_DEFINITIONS = (
					"DEBUG=1",
					"$(inherited)",
				);
				GCC_WARN_64_TO_32_BIT_CONVERSION = YES;
				GCC_WARN_ABOUT_RETURN_TYPE = YES_ERROR;
				GCC_WARN_UNDECLARED_SELECTOR = YES;
				GCC_WARN_UNINITIALIZED_AUTOS = YES_AGGRESSIVE;
				GCC_WARN_UNUSED_FUNCTION = YES;
				GCC_WARN_UNUSED_VARIABLE = YES;
				IPHONEOS_DEPLOYMENT_TARGET = 17.2;
				LOCALIZATION_PREFERS_STRING_CATALOGS = YES;
				MTL_ENABLE_DEBUG_INFO = INCLUDE_SOURCE;
				MTL_FAST_MATH = YES;
				ONLY_ACTIVE_ARCH = YES;
				SDKROOT = iphoneos;
				SWIFT_ACTIVE_COMPILATION_CONDITIONS = "DEBUG $(inherited)";
				SWIFT_OPTIMIZATION_LEVEL = "-Onone";
			};
			name = Debug;
		};
		6D15AB1C2B84750900481F94 /* Release */ = {
			isa = XCBuildConfiguration;
			buildSettings = {
				ALWAYS_SEARCH_USER_PATHS = NO;
				ASSETCATALOG_COMPILER_GENERATE_SWIFT_ASSET_SYMBOL_EXTENSIONS = YES;
				CLANG_ANALYZER_NONNULL = YES;
				CLANG_ANALYZER_NUMBER_OBJECT_CONVERSION = YES_AGGRESSIVE;
				CLANG_CXX_LANGUAGE_STANDARD = "gnu++20";
				CLANG_ENABLE_MODULES = YES;
				CLANG_ENABLE_OBJC_ARC = YES;
				CLANG_ENABLE_OBJC_WEAK = YES;
				CLANG_WARN_BLOCK_CAPTURE_AUTORELEASING = YES;
				CLANG_WARN_BOOL_CONVERSION = YES;
				CLANG_WARN_COMMA = YES;
				CLANG_WARN_CONSTANT_CONVERSION = YES;
				CLANG_WARN_DEPRECATED_OBJC_IMPLEMENTATIONS = YES;
				CLANG_WARN_DIRECT_OBJC_ISA_USAGE = YES_ERROR;
				CLANG_WARN_DOCUMENTATION_COMMENTS = YES;
				CLANG_WARN_EMPTY_BODY = YES;
				CLANG_WARN_ENUM_CONVERSION = YES;
				CLANG_WARN_INFINITE_RECURSION = YES;
				CLANG_WARN_INT_CONVERSION = YES;
				CLANG_WARN_NON_LITERAL_NULL_CONVERSION = YES;
				CLANG_WARN_OBJC_IMPLICIT_RETAIN_SELF = YES;
				CLANG_WARN_OBJC_LITERAL_CONVERSION = YES;
				CLANG_WARN_OBJC_ROOT_CLASS = YES_ERROR;
				CLANG_WARN_QUOTED_INCLUDE_IN_FRAMEWORK_HEADER = YES;
				CLANG_WARN_RANGE_LOOP_ANALYSIS = YES;
				CLANG_WARN_STRICT_PROTOTYPES = YES;
				CLANG_WARN_SUSPICIOUS_MOVE = YES;
				CLANG_WARN_UNGUARDED_AVAILABILITY = YES_AGGRESSIVE;
				CLANG_WARN_UNREACHABLE_CODE = YES;
				CLANG_WARN__DUPLICATE_METHOD_MATCH = YES;
				COPY_PHASE_STRIP = NO;
				DEBUG_INFORMATION_FORMAT = "dwarf-with-dsym";
				ENABLE_NS_ASSERTIONS = NO;
				ENABLE_STRICT_OBJC_MSGSEND = YES;
				ENABLE_USER_SCRIPT_SANDBOXING = YES;
				GCC_C_LANGUAGE_STANDARD = gnu17;
				GCC_NO_COMMON_BLOCKS = YES;
				GCC_WARN_64_TO_32_BIT_CONVERSION = YES;
				GCC_WARN_ABOUT_RETURN_TYPE = YES_ERROR;
				GCC_WARN_UNDECLARED_SELECTOR = YES;
				GCC_WARN_UNINITIALIZED_AUTOS = YES_AGGRESSIVE;
				GCC_WARN_UNUSED_FUNCTION = YES;
				GCC_WARN_UNUSED_VARIABLE = YES;
				IPHONEOS_DEPLOYMENT_TARGET = 17.2;
				LOCALIZATION_PREFERS_STRING_CATALOGS = YES;
				MTL_ENABLE_DEBUG_INFO = NO;
				MTL_FAST_MATH = YES;
				SDKROOT = iphoneos;
				SWIFT_COMPILATION_MODE = wholemodule;
				VALIDATE_PRODUCT = YES;
			};
			name = Release;
		};
		6D15AB1E2B84750900481F94 /* Debug */ = {
			isa = XCBuildConfiguration;
			baseConfigurationReference = E7B1C042EB398A246365CC5C /* Pods-ProductClean.debug.xcconfig */;
			buildSettings = {
				ASSETCATALOG_COMPILER_APPICON_NAME = AppIcon;
				ASSETCATALOG_COMPILER_GLOBAL_ACCENT_COLOR_NAME = AccentColor;
				CODE_SIGN_STYLE = Automatic;
				CURRENT_PROJECT_VERSION = 1;
				DEVELOPMENT_ASSET_PATHS = "\"$(SRCROOT)/ProductClean/Resources/Preview Content\"";
				DEVELOPMENT_TEAM = LX72TZB635;
				ENABLE_PREVIEWS = YES;
				ENABLE_USER_SCRIPT_SANDBOXING = NO;
				GENERATE_INFOPLIST_FILE = YES;
				INFOPLIST_KEY_UIApplicationSceneManifest_Generation = YES;
				INFOPLIST_KEY_UIApplicationSupportsIndirectInputEvents = YES;
				INFOPLIST_KEY_UILaunchScreen_Generation = YES;
				INFOPLIST_KEY_UISupportedInterfaceOrientations = UIInterfaceOrientationPortrait;
				LD_RUNPATH_SEARCH_PATHS = (
					"$(inherited)",
					"@executable_path/Frameworks",
				);
				MARKETING_VERSION = 1.0;
				PRODUCT_BUNDLE_IDENTIFIER = me.Sajib.Ghosh.ProductClean;
				PRODUCT_NAME = "$(TARGET_NAME)";
				SWIFT_EMIT_LOC_STRINGS = YES;
				SWIFT_VERSION = 5.0;
				TARGETED_DEVICE_FAMILY = "1,2";
			};
			name = Debug;
		};
		6D15AB1F2B84750900481F94 /* Release */ = {
			isa = XCBuildConfiguration;
			baseConfigurationReference = 40C22AFDC361C9D3738E95F9 /* Pods-ProductClean.release.xcconfig */;
			buildSettings = {
				ASSETCATALOG_COMPILER_APPICON_NAME = AppIcon;
				ASSETCATALOG_COMPILER_GLOBAL_ACCENT_COLOR_NAME = AccentColor;
				CODE_SIGN_STYLE = Automatic;
				CURRENT_PROJECT_VERSION = 1;
				DEVELOPMENT_ASSET_PATHS = "\"$(SRCROOT)/ProductClean/Resources/Preview Content\"";
				DEVELOPMENT_TEAM = LX72TZB635;
				ENABLE_PREVIEWS = YES;
				ENABLE_USER_SCRIPT_SANDBOXING = NO;
				GENERATE_INFOPLIST_FILE = YES;
				INFOPLIST_KEY_UIApplicationSceneManifest_Generation = YES;
				INFOPLIST_KEY_UIApplicationSupportsIndirectInputEvents = YES;
				INFOPLIST_KEY_UILaunchScreen_Generation = YES;
				INFOPLIST_KEY_UISupportedInterfaceOrientations = UIInterfaceOrientationPortrait;
				LD_RUNPATH_SEARCH_PATHS = (
					"$(inherited)",
					"@executable_path/Frameworks",
				);
				MARKETING_VERSION = 1.0;
				PRODUCT_BUNDLE_IDENTIFIER = me.Sajib.Ghosh.ProductClean;
				PRODUCT_NAME = "$(TARGET_NAME)";
				SWIFT_EMIT_LOC_STRINGS = YES;
				SWIFT_VERSION = 5.0;
				TARGETED_DEVICE_FAMILY = "1,2";
			};
			name = Release;
		};
		6D15AB212B84750900481F94 /* Debug */ = {
			isa = XCBuildConfiguration;
			baseConfigurationReference = 0111F098F1DF94FFE9778AC1 /* Pods-ProductCleanTests.debug.xcconfig */;
			buildSettings = {
				ALWAYS_EMBED_SWIFT_STANDARD_LIBRARIES = YES;
				BUNDLE_LOADER = "$(TEST_HOST)";
				CLANG_ENABLE_MODULES = YES;
				CODE_SIGN_STYLE = Automatic;
				CURRENT_PROJECT_VERSION = 1;
				DEVELOPMENT_TEAM = LX72TZB635;
				GENERATE_INFOPLIST_FILE = YES;
				IPHONEOS_DEPLOYMENT_TARGET = 17.2;
				MARKETING_VERSION = 1.0;
				PRODUCT_BUNDLE_IDENTIFIER = me.Sajib.Ghosh.ProductCleanTests;
				PRODUCT_NAME = "$(TARGET_NAME)";
				SWIFT_EMIT_LOC_STRINGS = NO;
				SWIFT_OPTIMIZATION_LEVEL = "-Onone";
				SWIFT_VERSION = 5.0;
				TARGETED_DEVICE_FAMILY = "1,2";
				TEST_HOST = "$(BUILT_PRODUCTS_DIR)/ProductClean.app/$(BUNDLE_EXECUTABLE_FOLDER_PATH)/ProductClean";
			};
			name = Debug;
		};
		6D15AB222B84750900481F94 /* Release */ = {
			isa = XCBuildConfiguration;
			baseConfigurationReference = AC5AC825D0D9F9B8242B1172 /* Pods-ProductCleanTests.release.xcconfig */;
			buildSettings = {
				ALWAYS_EMBED_SWIFT_STANDARD_LIBRARIES = YES;
				BUNDLE_LOADER = "$(TEST_HOST)";
				CLANG_ENABLE_MODULES = YES;
				CODE_SIGN_STYLE = Automatic;
				CURRENT_PROJECT_VERSION = 1;
				DEVELOPMENT_TEAM = LX72TZB635;
				GENERATE_INFOPLIST_FILE = YES;
				IPHONEOS_DEPLOYMENT_TARGET = 17.2;
				MARKETING_VERSION = 1.0;
				PRODUCT_BUNDLE_IDENTIFIER = me.Sajib.Ghosh.ProductCleanTests;
				PRODUCT_NAME = "$(TARGET_NAME)";
				SWIFT_EMIT_LOC_STRINGS = NO;
				SWIFT_VERSION = 5.0;
				TARGETED_DEVICE_FAMILY = "1,2";
				TEST_HOST = "$(BUILT_PRODUCTS_DIR)/ProductClean.app/$(BUNDLE_EXECUTABLE_FOLDER_PATH)/ProductClean";
			};
			name = Release;
		};
		6D15AB242B84750900481F94 /* Debug */ = {
			isa = XCBuildConfiguration;
			baseConfigurationReference = D40362C203D0330B3ABC50CB /* Pods-ProductClean-ProductCleanUITests.debug.xcconfig */;
			buildSettings = {
				ALWAYS_EMBED_SWIFT_STANDARD_LIBRARIES = YES;
				CODE_SIGN_STYLE = Automatic;
				CURRENT_PROJECT_VERSION = 1;
				DEVELOPMENT_TEAM = LX72TZB635;
				ENABLE_USER_SCRIPT_SANDBOXING = NO;
				GENERATE_INFOPLIST_FILE = YES;
				MARKETING_VERSION = 1.0;
				PRODUCT_BUNDLE_IDENTIFIER = me.Sajib.Ghosh.ProductCleanUITests;
				PRODUCT_NAME = "$(TARGET_NAME)";
				SWIFT_EMIT_LOC_STRINGS = NO;
				SWIFT_VERSION = 5.0;
				TARGETED_DEVICE_FAMILY = "1,2";
				TEST_TARGET_NAME = ProductClean;
			};
			name = Debug;
		};
		6D15AB252B84750900481F94 /* Release */ = {
			isa = XCBuildConfiguration;
			baseConfigurationReference = 193A8B64A8071B0EB9EA28C4 /* Pods-ProductClean-ProductCleanUITests.release.xcconfig */;
			buildSettings = {
				ALWAYS_EMBED_SWIFT_STANDARD_LIBRARIES = YES;
				CODE_SIGN_STYLE = Automatic;
				CURRENT_PROJECT_VERSION = 1;
				DEVELOPMENT_TEAM = LX72TZB635;
				ENABLE_USER_SCRIPT_SANDBOXING = NO;
				GENERATE_INFOPLIST_FILE = YES;
				MARKETING_VERSION = 1.0;
				PRODUCT_BUNDLE_IDENTIFIER = me.Sajib.Ghosh.ProductCleanUITests;
				PRODUCT_NAME = "$(TARGET_NAME)";
				SWIFT_EMIT_LOC_STRINGS = NO;
				SWIFT_VERSION = 5.0;
				TARGETED_DEVICE_FAMILY = "1,2";
				TEST_TARGET_NAME = ProductClean;
			};
			name = Release;
		};
		6DE38B9D2B86251A008498A3 /* Debug */ = {
			isa = XCBuildConfiguration;
			baseConfigurationReference = AA6768028B48472586D00866 /* Pods-ProductCleanSnapshotTests.debug.xcconfig */;
			buildSettings = {
				BUNDLE_LOADER = "$(TEST_HOST)";
				CODE_SIGN_STYLE = Automatic;
				CURRENT_PROJECT_VERSION = 1;
				DEVELOPMENT_TEAM = LX72TZB635;
				ENABLE_USER_SCRIPT_SANDBOXING = NO;
				GENERATE_INFOPLIST_FILE = YES;
				MARKETING_VERSION = 1.0;
				PRODUCT_BUNDLE_IDENTIFIER = me.Sajib.Ghosh.ProductCleanSnapshotTests;
				PRODUCT_NAME = "$(TARGET_NAME)";
				SWIFT_EMIT_LOC_STRINGS = NO;
				SWIFT_VERSION = 5.0;
				TARGETED_DEVICE_FAMILY = "1,2";
				TEST_HOST = "$(BUILT_PRODUCTS_DIR)/ProductClean.app/$(BUNDLE_EXECUTABLE_FOLDER_PATH)/ProductClean";
			};
			name = Debug;
		};
		6DE38B9E2B86251A008498A3 /* Release */ = {
			isa = XCBuildConfiguration;
			baseConfigurationReference = 02242463F9CCBE31079A5612 /* Pods-ProductCleanSnapshotTests.release.xcconfig */;
			buildSettings = {
				BUNDLE_LOADER = "$(TEST_HOST)";
				CODE_SIGN_STYLE = Automatic;
				CURRENT_PROJECT_VERSION = 1;
				DEVELOPMENT_TEAM = LX72TZB635;
				ENABLE_USER_SCRIPT_SANDBOXING = NO;
				GENERATE_INFOPLIST_FILE = YES;
				MARKETING_VERSION = 1.0;
				PRODUCT_BUNDLE_IDENTIFIER = me.Sajib.Ghosh.ProductCleanSnapshotTests;
				PRODUCT_NAME = "$(TARGET_NAME)";
				SWIFT_EMIT_LOC_STRINGS = NO;
				SWIFT_VERSION = 5.0;
				TARGETED_DEVICE_FAMILY = "1,2";
				TEST_HOST = "$(BUILT_PRODUCTS_DIR)/ProductClean.app/$(BUNDLE_EXECUTABLE_FOLDER_PATH)/ProductClean";
			};
			name = Release;
		};
/* End XCBuildConfiguration section */

/* Begin XCConfigurationList section */
		6D15AAF42B84750800481F94 /* Build configuration list for PBXProject "ProductClean" */ = {
			isa = XCConfigurationList;
			buildConfigurations = (
				6D15AB1B2B84750900481F94 /* Debug */,
				6D15AB1C2B84750900481F94 /* Release */,
			);
			defaultConfigurationIsVisible = 0;
			defaultConfigurationName = Release;
		};
		6D15AB1D2B84750900481F94 /* Build configuration list for PBXNativeTarget "ProductClean" */ = {
			isa = XCConfigurationList;
			buildConfigurations = (
				6D15AB1E2B84750900481F94 /* Debug */,
				6D15AB1F2B84750900481F94 /* Release */,
			);
			defaultConfigurationIsVisible = 0;
			defaultConfigurationName = Release;
		};
		6D15AB202B84750900481F94 /* Build configuration list for PBXNativeTarget "ProductCleanTests" */ = {
			isa = XCConfigurationList;
			buildConfigurations = (
				6D15AB212B84750900481F94 /* Debug */,
				6D15AB222B84750900481F94 /* Release */,
			);
			defaultConfigurationIsVisible = 0;
			defaultConfigurationName = Release;
		};
		6D15AB232B84750900481F94 /* Build configuration list for PBXNativeTarget "ProductCleanUITests" */ = {
			isa = XCConfigurationList;
			buildConfigurations = (
				6D15AB242B84750900481F94 /* Debug */,
				6D15AB252B84750900481F94 /* Release */,
			);
			defaultConfigurationIsVisible = 0;
			defaultConfigurationName = Release;
		};
		6DE38B9F2B86251A008498A3 /* Build configuration list for PBXNativeTarget "ProductCleanSnapshotTests" */ = {
			isa = XCConfigurationList;
			buildConfigurations = (
				6DE38B9D2B86251A008498A3 /* Debug */,
				6DE38B9E2B86251A008498A3 /* Release */,
			);
			defaultConfigurationIsVisible = 0;
			defaultConfigurationName = Release;
		};
/* End XCConfigurationList section */
	};
	rootObject = 6D15AAF12B84750800481F94 /* Project object */;
}
