// !$*UTF8*$!
{
	archiveVersion = 1;
	classes = {
	};
	objectVersion = 56;
	objects = {

/* Begin PBXBuildFile section */
		6D15AB0E2B84750900481F94 /* ProductCleanTests.swift in Sources */ = {isa = PBXBuildFile; fileRef = 6D15AB0D2B84750900481F94 /* ProductCleanTests.swift */; };
		6D15AB182B84750900481F94 /* ProductCleanUITests.swift in Sources */ = {isa = PBXBuildFile; fileRef = 6D15AB172B84750900481F94 /* ProductCleanUITests.swift */; };
		6D15AB1A2B84750900481F94 /* ProductCleanUITestsLaunchTests.swift in Sources */ = {isa = PBXBuildFile; fileRef = 6D15AB192B84750900481F94 /* ProductCleanUITestsLaunchTests.swift */; };
		6D15AB3D2B84783100481F94 /* ProductCleanApp.swift in Sources */ = {isa = PBXBuildFile; fileRef = 6D15AB282B84783100481F94 /* ProductCleanApp.swift */; };
		6D15AB402B84788600481F94 /* Assets.xcassets in Resources */ = {isa = PBXBuildFile; fileRef = 6D15AB3A2B84783100481F94 /* Assets.xcassets */; };
		6D15AB412B84788A00481F94 /* Preview Assets.xcassets in Resources */ = {isa = PBXBuildFile; fileRef = 6D15AB3C2B84783100481F94 /* Preview Assets.xcassets */; };
		6D15AB432B847BB700481F94 /* ProductListView.swift in Sources */ = {isa = PBXBuildFile; fileRef = 6D15AB422B847BB700481F94 /* ProductListView.swift */; };
		6D15AB452B847BE500481F94 /* AppDIContainer.swift in Sources */ = {isa = PBXBuildFile; fileRef = 6D15AB442B847BE500481F94 /* AppDIContainer.swift */; };
		6D15AB472B848BD500481F94 /* ProductListViewModel.swift in Sources */ = {isa = PBXBuildFile; fileRef = 6D15AB462B848BD500481F94 /* ProductListViewModel.swift */; };
		6D15AB492B8494C400481F94 /* ProductListItemViewModel.swift in Sources */ = {isa = PBXBuildFile; fileRef = 6D15AB482B8494C400481F94 /* ProductListItemViewModel.swift */; };
		6D15AB4F2B84B81600481F94 /* HeaderImageView.swift in Sources */ = {isa = PBXBuildFile; fileRef = 6D15AB4E2B84B81600481F94 /* HeaderImageView.swift */; };
		6D15AB512B84B8DC00481F94 /* ProductItemView.swift in Sources */ = {isa = PBXBuildFile; fileRef = 6D15AB502B84B8DC00481F94 /* ProductItemView.swift */; };
		6D15AB532B84BAA700481F94 /* ProductListLayout.swift in Sources */ = {isa = PBXBuildFile; fileRef = 6D15AB522B84BAA700481F94 /* ProductListLayout.swift */; };
		6D15AB572B84CFC200481F94 /* ErrorView.swift in Sources */ = {isa = PBXBuildFile; fileRef = 6D15AB562B84CFC200481F94 /* ErrorView.swift */; };
		6D15AB5B2B84DD1900481F94 /* ProductListUseCase.swift in Sources */ = {isa = PBXBuildFile; fileRef = 6D15AB5A2B84DD1900481F94 /* ProductListUseCase.swift */; };
		6D15AB5D2B84DEF500481F94 /* Product.swift in Sources */ = {isa = PBXBuildFile; fileRef = 6D15AB5C2B84DEF500481F94 /* Product.swift */; };
		6D15AB632B84E7FA00481F94 /* ProductDataListDTO.swift in Sources */ = {isa = PBXBuildFile; fileRef = 6D15AB622B84E7FA00481F94 /* ProductDataListDTO.swift */; };
		6D15AB662B84E96E00481F94 /* ProductDomainListDTO.swift in Sources */ = {isa = PBXBuildFile; fileRef = 6D15AB652B84E96E00481F94 /* ProductDomainListDTO.swift */; };
		6D15AB682B84EEF800481F94 /* ProductListRepository.swift in Sources */ = {isa = PBXBuildFile; fileRef = 6D15AB672B84EEF800481F94 /* ProductListRepository.swift */; };
		6D15AB6A2B84EFA700481F94 /* ProductListService.swift in Sources */ = {isa = PBXBuildFile; fileRef = 6D15AB692B84EFA700481F94 /* ProductListService.swift */; };
		6D15AB6C2B85007000481F94 /* NetworkRequest.swift in Sources */ = {isa = PBXBuildFile; fileRef = 6D15AB6B2B85007000481F94 /* NetworkRequest.swift */; };
		6D15AB6E2B8501CF00481F94 /* NetworkError.swift in Sources */ = {isa = PBXBuildFile; fileRef = 6D15AB6D2B8501CF00481F94 /* NetworkError.swift */; };
		6D15AB702B85060500481F94 /* URLRequestCreater.swift in Sources */ = {isa = PBXBuildFile; fileRef = 6D15AB6F2B85060500481F94 /* URLRequestCreater.swift */; };
		6D15AB722B85061100481F94 /* NetworkManager.swift in Sources */ = {isa = PBXBuildFile; fileRef = 6D15AB712B85061100481F94 /* NetworkManager.swift */; };
		6D15AB742B851CB500481F94 /* AppConfiguration.swift in Sources */ = {isa = PBXBuildFile; fileRef = 6D15AB732B851CB500481F94 /* AppConfiguration.swift */; };
		6D15AB762B85493100481F94 /* ProductListModule.swift in Sources */ = {isa = PBXBuildFile; fileRef = 6D15AB752B85493100481F94 /* ProductListModule.swift */; };
		6D15AB782B85CBFC00481F94 /* ProductDetailsModule.swift in Sources */ = {isa = PBXBuildFile; fileRef = 6D15AB772B85CBFC00481F94 /* ProductDetailsModule.swift */; };
		6D15AB7C2B85CC5E00481F94 /* ProductDetailsView.swift in Sources */ = {isa = PBXBuildFile; fileRef = 6D15AB7B2B85CC5E00481F94 /* ProductDetailsView.swift */; };
		6D15AB7E2B85CC8900481F94 /* ProductDetailsViewModel.swift in Sources */ = {isa = PBXBuildFile; fileRef = 6D15AB7D2B85CC8900481F94 /* ProductDetailsViewModel.swift */; };
		6D15AB802B85D21A00481F94 /* ProductDetailsItemViewModel.swift in Sources */ = {isa = PBXBuildFile; fileRef = 6D15AB7F2B85D21A00481F94 /* ProductDetailsItemViewModel.swift */; };
		6D15AB822B85E11900481F94 /* SharedURLSession.swift in Sources */ = {isa = PBXBuildFile; fileRef = 6D15AB812B85E11900481F94 /* SharedURLSession.swift */; };
		6D15AB842B85E2DF00481F94 /* SharedURLSessionDelegate.swift in Sources */ = {isa = PBXBuildFile; fileRef = 6D15AB832B85E2DF00481F94 /* SharedURLSessionDelegate.swift */; };
		6D15AB872B85F33300481F94 /* SDWebImageSwiftUI in Frameworks */ = {isa = PBXBuildFile; productRef = 6D15AB862B85F33300481F94 /* SDWebImageSwiftUI */; };
/* End PBXBuildFile section */

/* Begin PBXContainerItemProxy section */
		6D15AB0A2B84750900481F94 /* PBXContainerItemProxy */ = {
			isa = PBXContainerItemProxy;
			containerPortal = 6D15AAF12B84750800481F94 /* Project object */;
			proxyType = 1;
			remoteGlobalIDString = 6D15AAF82B84750800481F94;
			remoteInfo = ProductClean;
		};
		6D15AB142B84750900481F94 /* PBXContainerItemProxy */ = {
			isa = PBXContainerItemProxy;
			containerPortal = 6D15AAF12B84750800481F94 /* Project object */;
			proxyType = 1;
			remoteGlobalIDString = 6D15AAF82B84750800481F94;
			remoteInfo = ProductClean;
		};
/* End PBXContainerItemProxy section */

/* Begin PBXFileReference section */
		6D15AAF92B84750800481F94 /* ProductClean.app */ = {isa = PBXFileReference; explicitFileType = wrapper.application; includeInIndex = 0; path = ProductClean.app; sourceTree = BUILT_PRODUCTS_DIR; };
		6D15AB092B84750900481F94 /* ProductCleanTests.xctest */ = {isa = PBXFileReference; explicitFileType = wrapper.cfbundle; includeInIndex = 0; path = ProductCleanTests.xctest; sourceTree = BUILT_PRODUCTS_DIR; };
		6D15AB0D2B84750900481F94 /* ProductCleanTests.swift */ = {isa = PBXFileReference; lastKnownFileType = sourcecode.swift; path = ProductCleanTests.swift; sourceTree = "<group>"; };
		6D15AB132B84750900481F94 /* ProductCleanUITests.xctest */ = {isa = PBXFileReference; explicitFileType = wrapper.cfbundle; includeInIndex = 0; path = ProductCleanUITests.xctest; sourceTree = BUILT_PRODUCTS_DIR; };
		6D15AB172B84750900481F94 /* ProductCleanUITests.swift */ = {isa = PBXFileReference; lastKnownFileType = sourcecode.swift; path = ProductCleanUITests.swift; sourceTree = "<group>"; };
		6D15AB192B84750900481F94 /* ProductCleanUITestsLaunchTests.swift */ = {isa = PBXFileReference; lastKnownFileType = sourcecode.swift; path = ProductCleanUITestsLaunchTests.swift; sourceTree = "<group>"; };
		6D15AB282B84783100481F94 /* ProductCleanApp.swift */ = {isa = PBXFileReference; fileEncoding = 4; lastKnownFileType = sourcecode.swift; path = ProductCleanApp.swift; sourceTree = "<group>"; };
		6D15AB3A2B84783100481F94 /* Assets.xcassets */ = {isa = PBXFileReference; lastKnownFileType = folder.assetcatalog; path = Assets.xcassets; sourceTree = "<group>"; };
		6D15AB3C2B84783100481F94 /* Preview Assets.xcassets */ = {isa = PBXFileReference; lastKnownFileType = folder.assetcatalog; path = "Preview Assets.xcassets"; sourceTree = "<group>"; };
		6D15AB422B847BB700481F94 /* ProductListView.swift */ = {isa = PBXFileReference; lastKnownFileType = sourcecode.swift; path = ProductListView.swift; sourceTree = "<group>"; };
		6D15AB442B847BE500481F94 /* AppDIContainer.swift */ = {isa = PBXFileReference; lastKnownFileType = sourcecode.swift; path = AppDIContainer.swift; sourceTree = "<group>"; };
		6D15AB462B848BD500481F94 /* ProductListViewModel.swift */ = {isa = PBXFileReference; lastKnownFileType = sourcecode.swift; path = ProductListViewModel.swift; sourceTree = "<group>"; };
		6D15AB482B8494C400481F94 /* ProductListItemViewModel.swift */ = {isa = PBXFileReference; lastKnownFileType = sourcecode.swift; path = ProductListItemViewModel.swift; sourceTree = "<group>"; };
		6D15AB4E2B84B81600481F94 /* HeaderImageView.swift */ = {isa = PBXFileReference; lastKnownFileType = sourcecode.swift; path = HeaderImageView.swift; sourceTree = "<group>"; };
		6D15AB502B84B8DC00481F94 /* ProductItemView.swift */ = {isa = PBXFileReference; lastKnownFileType = sourcecode.swift; path = ProductItemView.swift; sourceTree = "<group>"; };
		6D15AB522B84BAA700481F94 /* ProductListLayout.swift */ = {isa = PBXFileReference; lastKnownFileType = sourcecode.swift; path = ProductListLayout.swift; sourceTree = "<group>"; };
		6D15AB562B84CFC200481F94 /* ErrorView.swift */ = {isa = PBXFileReference; lastKnownFileType = sourcecode.swift; path = ErrorView.swift; sourceTree = "<group>"; };
		6D15AB5A2B84DD1900481F94 /* ProductListUseCase.swift */ = {isa = PBXFileReference; lastKnownFileType = sourcecode.swift; path = ProductListUseCase.swift; sourceTree = "<group>"; };
		6D15AB5C2B84DEF500481F94 /* Product.swift */ = {isa = PBXFileReference; lastKnownFileType = sourcecode.swift; path = Product.swift; sourceTree = "<group>"; };
		6D15AB622B84E7FA00481F94 /* ProductDataListDTO.swift */ = {isa = PBXFileReference; lastKnownFileType = sourcecode.swift; path = ProductDataListDTO.swift; sourceTree = "<group>"; };
		6D15AB652B84E96E00481F94 /* ProductDomainListDTO.swift */ = {isa = PBXFileReference; fileEncoding = 4; lastKnownFileType = sourcecode.swift; path = ProductDomainListDTO.swift; sourceTree = "<group>"; };
		6D15AB672B84EEF800481F94 /* ProductListRepository.swift */ = {isa = PBXFileReference; lastKnownFileType = sourcecode.swift; path = ProductListRepository.swift; sourceTree = "<group>"; };
		6D15AB692B84EFA700481F94 /* ProductListService.swift */ = {isa = PBXFileReference; lastKnownFileType = sourcecode.swift; path = ProductListService.swift; sourceTree = "<group>"; };
		6D15AB6B2B85007000481F94 /* NetworkRequest.swift */ = {isa = PBXFileReference; lastKnownFileType = sourcecode.swift; path = NetworkRequest.swift; sourceTree = "<group>"; };
		6D15AB6D2B8501CF00481F94 /* NetworkError.swift */ = {isa = PBXFileReference; lastKnownFileType = sourcecode.swift; path = NetworkError.swift; sourceTree = "<group>"; };
		6D15AB6F2B85060500481F94 /* URLRequestCreater.swift */ = {isa = PBXFileReference; lastKnownFileType = sourcecode.swift; path = URLRequestCreater.swift; sourceTree = "<group>"; };
		6D15AB712B85061100481F94 /* NetworkManager.swift */ = {isa = PBXFileReference; lastKnownFileType = sourcecode.swift; path = NetworkManager.swift; sourceTree = "<group>"; };
		6D15AB732B851CB500481F94 /* AppConfiguration.swift */ = {isa = PBXFileReference; lastKnownFileType = sourcecode.swift; path = AppConfiguration.swift; sourceTree = "<group>"; };
		6D15AB752B85493100481F94 /* ProductListModule.swift */ = {isa = PBXFileReference; lastKnownFileType = sourcecode.swift; path = ProductListModule.swift; sourceTree = "<group>"; };
		6D15AB772B85CBFC00481F94 /* ProductDetailsModule.swift */ = {isa = PBXFileReference; lastKnownFileType = sourcecode.swift; path = ProductDetailsModule.swift; sourceTree = "<group>"; };
		6D15AB7B2B85CC5E00481F94 /* ProductDetailsView.swift */ = {isa = PBXFileReference; lastKnownFileType = sourcecode.swift; path = ProductDetailsView.swift; sourceTree = "<group>"; };
		6D15AB7D2B85CC8900481F94 /* ProductDetailsViewModel.swift */ = {isa = PBXFileReference; lastKnownFileType = sourcecode.swift; path = ProductDetailsViewModel.swift; sourceTree = "<group>"; };
		6D15AB7F2B85D21A00481F94 /* ProductDetailsItemViewModel.swift */ = {isa = PBXFileReference; lastKnownFileType = sourcecode.swift; path = ProductDetailsItemViewModel.swift; sourceTree = "<group>"; };
		6D15AB812B85E11900481F94 /* SharedURLSession.swift */ = {isa = PBXFileReference; lastKnownFileType = sourcecode.swift; path = SharedURLSession.swift; sourceTree = "<group>"; };
		6D15AB832B85E2DF00481F94 /* SharedURLSessionDelegate.swift */ = {isa = PBXFileReference; lastKnownFileType = sourcecode.swift; path = SharedURLSessionDelegate.swift; sourceTree = "<group>"; };
/* End PBXFileReference section */

/* Begin PBXFrameworksBuildPhase section */
		6D15AAF62B84750800481F94 /* Frameworks */ = {
			isa = PBXFrameworksBuildPhase;
			buildActionMask = 2147483647;
			files = (
				6D15AB872B85F33300481F94 /* SDWebImageSwiftUI in Frameworks */,
			);
			runOnlyForDeploymentPostprocessing = 0;
		};
		6D15AB062B84750900481F94 /* Frameworks */ = {
			isa = PBXFrameworksBuildPhase;
			buildActionMask = 2147483647;
			files = (
			);
			runOnlyForDeploymentPostprocessing = 0;
		};
		6D15AB102B84750900481F94 /* Frameworks */ = {
			isa = PBXFrameworksBuildPhase;
			buildActionMask = 2147483647;
			files = (
			);
			runOnlyForDeploymentPostprocessing = 0;
		};
/* End PBXFrameworksBuildPhase section */

/* Begin PBXGroup section */
		6D15AAF02B84750800481F94 = {
			isa = PBXGroup;
			children = (
				6D15AAFB2B84750800481F94 /* ProductClean */,
				6D15AB0C2B84750900481F94 /* ProductCleanTests */,
				6D15AB162B84750900481F94 /* ProductCleanUITests */,
				6D15AAFA2B84750800481F94 /* Products */,
			);
			sourceTree = "<group>";
		};
		6D15AAFA2B84750800481F94 /* Products */ = {
			isa = PBXGroup;
			children = (
				6D15AAF92B84750800481F94 /* ProductClean.app */,
				6D15AB092B84750900481F94 /* ProductCleanTests.xctest */,
				6D15AB132B84750900481F94 /* ProductCleanUITests.xctest */,
			);
			name = Products;
			sourceTree = "<group>";
		};
		6D15AAFB2B84750800481F94 /* ProductClean */ = {
			isa = PBXGroup;
			children = (
				6D15AB272B84783100481F94 /* Application */,
				6D15AB2A2B84783100481F94 /* Modules */,
				6D15AB292B84783100481F94 /* Networking */,
				6D15AB392B84783100481F94 /* Resources */,
				6D15AB4D2B84B77E00481F94 /* CommonViews */,
			);
			path = ProductClean;
			sourceTree = "<group>";
		};
		6D15AB0C2B84750900481F94 /* ProductCleanTests */ = {
			isa = PBXGroup;
			children = (
				6D15AB0D2B84750900481F94 /* ProductCleanTests.swift */,
			);
			path = ProductCleanTests;
			sourceTree = "<group>";
		};
		6D15AB162B84750900481F94 /* ProductCleanUITests */ = {
			isa = PBXGroup;
			children = (
				6D15AB172B84750900481F94 /* ProductCleanUITests.swift */,
				6D15AB192B84750900481F94 /* ProductCleanUITestsLaunchTests.swift */,
			);
			path = ProductCleanUITests;
			sourceTree = "<group>";
		};
		6D15AB272B84783100481F94 /* Application */ = {
			isa = PBXGroup;
			children = (
				6D15AB282B84783100481F94 /* ProductCleanApp.swift */,
				6D15AB442B847BE500481F94 /* AppDIContainer.swift */,
				6D15AB732B851CB500481F94 /* AppConfiguration.swift */,
			);
			path = Application;
			sourceTree = "<group>";
		};
		6D15AB292B84783100481F94 /* Networking */ = {
			isa = PBXGroup;
			children = (
				6D15AB6B2B85007000481F94 /* NetworkRequest.swift */,
				6D15AB6D2B8501CF00481F94 /* NetworkError.swift */,
				6D15AB6F2B85060500481F94 /* URLRequestCreater.swift */,
				6D15AB812B85E11900481F94 /* SharedURLSession.swift */,
				6D15AB832B85E2DF00481F94 /* SharedURLSessionDelegate.swift */,
				6D15AB712B85061100481F94 /* NetworkManager.swift */,
			);
			path = Networking;
			sourceTree = "<group>";
		};
		6D15AB2A2B84783100481F94 /* Modules */ = {
			isa = PBXGroup;
			children = (
				6D15AB2B2B84783100481F94 /* ProductDetails */,
				6D15AB322B84783100481F94 /* ProductList */,
			);
			path = Modules;
			sourceTree = "<group>";
		};
		6D15AB2B2B84783100481F94 /* ProductDetails */ = {
			isa = PBXGroup;
			children = (
				6D15AB772B85CBFC00481F94 /* ProductDetailsModule.swift */,
				6D15AB2E2B84783100481F94 /* Presentation */,
				6D15AB2D2B84783100481F94 /* Domain */,
				6D15AB2C2B84783100481F94 /* Data */,
			);
			path = ProductDetails;
			sourceTree = "<group>";
		};
		6D15AB2C2B84783100481F94 /* Data */ = {
			isa = PBXGroup;
			children = (
			);
			path = Data;
			sourceTree = "<group>";
		};
		6D15AB2D2B84783100481F94 /* Domain */ = {
			isa = PBXGroup;
			children = (
			);
			path = Domain;
			sourceTree = "<group>";
		};
		6D15AB2E2B84783100481F94 /* Presentation */ = {
			isa = PBXGroup;
			children = (
				6D15AB2F2B84783100481F94 /* ViewModel */,
				6D15AB302B84783100481F94 /* Views */,
				6D15AB312B84783100481F94 /* Entities */,
			);
			path = Presentation;
			sourceTree = "<group>";
		};
		6D15AB2F2B84783100481F94 /* ViewModel */ = {
			isa = PBXGroup;
			children = (
				6D15AB7D2B85CC8900481F94 /* ProductDetailsViewModel.swift */,
				6D15AB7F2B85D21A00481F94 /* ProductDetailsItemViewModel.swift */,
			);
			path = ViewModel;
			sourceTree = "<group>";
		};
		6D15AB302B84783100481F94 /* Views */ = {
			isa = PBXGroup;
			children = (
				6D15AB7B2B85CC5E00481F94 /* ProductDetailsView.swift */,
			);
			path = Views;
			sourceTree = "<group>";
		};
		6D15AB312B84783100481F94 /* Entities */ = {
			isa = PBXGroup;
			children = (
			);
			path = Entities;
			sourceTree = "<group>";
		};
		6D15AB322B84783100481F94 /* ProductList */ = {
			isa = PBXGroup;
			children = (
				6D15AB752B85493100481F94 /* ProductListModule.swift */,
				6D15AB352B84783100481F94 /* Presentation */,
				6D15AB342B84783100481F94 /* Domain */,
				6D15AB332B84783100481F94 /* Data */,
			);
			path = ProductList;
			sourceTree = "<group>";
		};
		6D15AB332B84783100481F94 /* Data */ = {
			isa = PBXGroup;
			children = (
				6D15AB592B84DD0C00481F94 /* Entity */,
				6D15AB602B84E7D900481F94 /* Repository */,
				6D15AB612B84E7D900481F94 /* Services */,
			);
			path = Data;
			sourceTree = "<group>";
		};
		6D15AB342B84783100481F94 /* Domain */ = {
			isa = PBXGroup;
			children = (
				6D15AB642B84E96E00481F94 /* Entity */,
				6D15AB582B84DD0200481F94 /* UseCase */,
			);
			path = Domain;
			sourceTree = "<group>";
		};
		6D15AB352B84783100481F94 /* Presentation */ = {
			isa = PBXGroup;
			children = (
				6D15AB362B84783100481F94 /* ViewModel */,
				6D15AB372B84783100481F94 /* Views */,
				6D15AB382B84783100481F94 /* Entities */,
			);
			path = Presentation;
			sourceTree = "<group>";
		};
		6D15AB362B84783100481F94 /* ViewModel */ = {
			isa = PBXGroup;
			children = (
				6D15AB462B848BD500481F94 /* ProductListViewModel.swift */,
				6D15AB482B8494C400481F94 /* ProductListItemViewModel.swift */,
			);
			path = ViewModel;
			sourceTree = "<group>";
		};
		6D15AB372B84783100481F94 /* Views */ = {
			isa = PBXGroup;
			children = (
				6D15AB422B847BB700481F94 /* ProductListView.swift */,
				6D15AB502B84B8DC00481F94 /* ProductItemView.swift */,
				6D15AB522B84BAA700481F94 /* ProductListLayout.swift */,
			);
			path = Views;
			sourceTree = "<group>";
		};
		6D15AB382B84783100481F94 /* Entities */ = {
			isa = PBXGroup;
			children = (
				6D15AB5C2B84DEF500481F94 /* Product.swift */,
			);
			path = Entities;
			sourceTree = "<group>";
		};
		6D15AB392B84783100481F94 /* Resources */ = {
			isa = PBXGroup;
			children = (
				6D15AB3A2B84783100481F94 /* Assets.xcassets */,
				6D15AB3B2B84783100481F94 /* Preview Content */,
			);
			path = Resources;
			sourceTree = "<group>";
		};
		6D15AB3B2B84783100481F94 /* Preview Content */ = {
			isa = PBXGroup;
			children = (
				6D15AB3C2B84783100481F94 /* Preview Assets.xcassets */,
			);
			path = "Preview Content";
			sourceTree = "<group>";
		};
		6D15AB4D2B84B77E00481F94 /* CommonViews */ = {
			isa = PBXGroup;
			children = (
				6D15AB4E2B84B81600481F94 /* HeaderImageView.swift */,
				6D15AB562B84CFC200481F94 /* ErrorView.swift */,
			);
			path = CommonViews;
			sourceTree = "<group>";
		};
		6D15AB582B84DD0200481F94 /* UseCase */ = {
			isa = PBXGroup;
			children = (
				6D15AB5A2B84DD1900481F94 /* ProductListUseCase.swift */,
			);
			path = UseCase;
			sourceTree = "<group>";
		};
		6D15AB592B84DD0C00481F94 /* Entity */ = {
			isa = PBXGroup;
			children = (
				6D15AB622B84E7FA00481F94 /* ProductDataListDTO.swift */,
			);
			path = Entity;
			sourceTree = "<group>";
		};
		6D15AB602B84E7D900481F94 /* Repository */ = {
			isa = PBXGroup;
			children = (
				6D15AB672B84EEF800481F94 /* ProductListRepository.swift */,
			);
			path = Repository;
			sourceTree = "<group>";
		};
		6D15AB612B84E7D900481F94 /* Services */ = {
			isa = PBXGroup;
			children = (
				6D15AB692B84EFA700481F94 /* ProductListService.swift */,
			);
			path = Services;
			sourceTree = "<group>";
		};
		6D15AB642B84E96E00481F94 /* Entity */ = {
			isa = PBXGroup;
			children = (
				6D15AB652B84E96E00481F94 /* ProductDomainListDTO.swift */,
			);
			path = Entity;
			sourceTree = "<group>";
		};
/* End PBXGroup section */

/* Begin PBXNativeTarget section */
		6D15AAF82B84750800481F94 /* ProductClean */ = {
			isa = PBXNativeTarget;
			buildConfigurationList = 6D15AB1D2B84750900481F94 /* Build configuration list for PBXNativeTarget "ProductClean" */;
			buildPhases = (
				6D15AAF52B84750800481F94 /* Sources */,
				6D15AAF62B84750800481F94 /* Frameworks */,
				6D15AAF72B84750800481F94 /* Resources */,
				6D15AB262B8475A800481F94 /* ShellScript */,
			);
			buildRules = (
			);
			dependencies = (
			);
			name = ProductClean;
			packageProductDependencies = (
				6D15AB862B85F33300481F94 /* SDWebImageSwiftUI */,
			);
			productName = ProductClean;
			productReference = 6D15AAF92B84750800481F94 /* ProductClean.app */;
			productType = "com.apple.product-type.application";
		};
		6D15AB082B84750900481F94 /* ProductCleanTests */ = {
			isa = PBXNativeTarget;
			buildConfigurationList = 6D15AB202B84750900481F94 /* Build configuration list for PBXNativeTarget "ProductCleanTests" */;
			buildPhases = (
				6D15AB052B84750900481F94 /* Sources */,
				6D15AB062B84750900481F94 /* Frameworks */,
				6D15AB072B84750900481F94 /* Resources */,
			);
			buildRules = (
			);
			dependencies = (
				6D15AB0B2B84750900481F94 /* PBXTargetDependency */,
			);
			name = ProductCleanTests;
			productName = ProductCleanTests;
			productReference = 6D15AB092B84750900481F94 /* ProductCleanTests.xctest */;
			productType = "com.apple.product-type.bundle.unit-test";
		};
		6D15AB122B84750900481F94 /* ProductCleanUITests */ = {
			isa = PBXNativeTarget;
			buildConfigurationList = 6D15AB232B84750900481F94 /* Build configuration list for PBXNativeTarget "ProductCleanUITests" */;
			buildPhases = (
				6D15AB0F2B84750900481F94 /* Sources */,
				6D15AB102B84750900481F94 /* Frameworks */,
				6D15AB112B84750900481F94 /* Resources */,
			);
			buildRules = (
			);
			dependencies = (
				6D15AB152B84750900481F94 /* PBXTargetDependency */,
			);
			name = ProductCleanUITests;
			productName = ProductCleanUITests;
			productReference = 6D15AB132B84750900481F94 /* ProductCleanUITests.xctest */;
			productType = "com.apple.product-type.bundle.ui-testing";
		};
/* End PBXNativeTarget section */

/* Begin PBXProject section */
		6D15AAF12B84750800481F94 /* Project object */ = {
			isa = PBXProject;
			attributes = {
				BuildIndependentTargetsInParallel = 1;
				LastSwiftUpdateCheck = 1510;
				LastUpgradeCheck = 1510;
				TargetAttributes = {
					6D15AAF82B84750800481F94 = {
						CreatedOnToolsVersion = 15.1;
					};
					6D15AB082B84750900481F94 = {
						CreatedOnToolsVersion = 15.1;
						TestTargetID = 6D15AAF82B84750800481F94;
					};
					6D15AB122B84750900481F94 = {
						CreatedOnToolsVersion = 15.1;
						TestTargetID = 6D15AAF82B84750800481F94;
					};
				};
			};
			buildConfigurationList = 6D15AAF42B84750800481F94 /* Build configuration list for PBXProject "ProductClean" */;
			compatibilityVersion = "Xcode 14.0";
			developmentRegion = en;
			hasScannedForEncodings = 0;
			knownRegions = (
				en,
				Base,
			);
			mainGroup = 6D15AAF02B84750800481F94;
			packageReferences = (
				6D15AB852B85F33300481F94 /* XCRemoteSwiftPackageReference "SDWebImageSwiftUI" */,
				6D15AB882B860AA200481F94 /* XCRemoteSwiftPackageReference "ios-snapshot-test-case" */,
			);
			productRefGroup = 6D15AAFA2B84750800481F94 /* Products */;
			projectDirPath = "";
			projectRoot = "";
			targets = (
				6D15AAF82B84750800481F94 /* ProductClean */,
				6D15AB082B84750900481F94 /* ProductCleanTests */,
				6D15AB122B84750900481F94 /* ProductCleanUITests */,
			);
		};
/* End PBXProject section */

/* Begin PBXResourcesBuildPhase section */
		6D15AAF72B84750800481F94 /* Resources */ = {
			isa = PBXResourcesBuildPhase;
			buildActionMask = 2147483647;
			files = (
				6D15AB412B84788A00481F94 /* Preview Assets.xcassets in Resources */,
				6D15AB402B84788600481F94 /* Assets.xcassets in Resources */,
			);
			runOnlyForDeploymentPostprocessing = 0;
		};
		6D15AB072B84750900481F94 /* Resources */ = {
			isa = PBXResourcesBuildPhase;
			buildActionMask = 2147483647;
			files = (
			);
			runOnlyForDeploymentPostprocessing = 0;
		};
		6D15AB112B84750900481F94 /* Resources */ = {
			isa = PBXResourcesBuildPhase;
			buildActionMask = 2147483647;
			files = (
			);
			runOnlyForDeploymentPostprocessing = 0;
		};
/* End PBXResourcesBuildPhase section */

/* Begin PBXShellScriptBuildPhase section */
		6D15AB262B8475A800481F94 /* ShellScript */ = {
			isa = PBXShellScriptBuildPhase;
			buildActionMask = 2147483647;
			files = (
			);
			inputFileListPaths = (
			);
			inputPaths = (
			);
			outputFileListPaths = (
			);
			outputPaths = (
			);
			runOnlyForDeploymentPostprocessing = 0;
			shellPath = /bin/sh;
			shellScript = "# Type a script or drag a script file from your workspace to insert its path.\nif which swiftlint >/dev/null; then\n  swiftlint\nelse\n  echo \"warning: SwiftLint not installed, download from https://github.com/realm/SwiftLint\"\nfi\n";
		};
/* End PBXShellScriptBuildPhase section */

/* Begin PBXSourcesBuildPhase section */
		6D15AAF52B84750800481F94 /* Sources */ = {
			isa = PBXSourcesBuildPhase;
			buildActionMask = 2147483647;
			files = (
				6D15AB722B85061100481F94 /* NetworkManager.swift in Sources */,
				6D15AB762B85493100481F94 /* ProductListModule.swift in Sources */,
				6D15AB6E2B8501CF00481F94 /* NetworkError.swift in Sources */,
				6D15AB492B8494C400481F94 /* ProductListItemViewModel.swift in Sources */,
				6D15AB512B84B8DC00481F94 /* ProductItemView.swift in Sources */,
				6D15AB822B85E11900481F94 /* SharedURLSession.swift in Sources */,
				6D15AB6C2B85007000481F94 /* NetworkRequest.swift in Sources */,
				6D15AB7C2B85CC5E00481F94 /* ProductDetailsView.swift in Sources */,
				6D15AB842B85E2DF00481F94 /* SharedURLSessionDelegate.swift in Sources */,
				6D15AB452B847BE500481F94 /* AppDIContainer.swift in Sources */,
				6D15AB742B851CB500481F94 /* AppConfiguration.swift in Sources */,
				6D15AB432B847BB700481F94 /* ProductListView.swift in Sources */,
				6D15AB4F2B84B81600481F94 /* HeaderImageView.swift in Sources */,
				6D15AB7E2B85CC8900481F94 /* ProductDetailsViewModel.swift in Sources */,
				6D15AB5D2B84DEF500481F94 /* Product.swift in Sources */,
				6D15AB572B84CFC200481F94 /* ErrorView.swift in Sources */,
				6D15AB782B85CBFC00481F94 /* ProductDetailsModule.swift in Sources */,
				6D15AB532B84BAA700481F94 /* ProductListLayout.swift in Sources */,
				6D15AB5B2B84DD1900481F94 /* ProductListUseCase.swift in Sources */,
				6D15AB6A2B84EFA700481F94 /* ProductListService.swift in Sources */,
				6D15AB682B84EEF800481F94 /* ProductListRepository.swift in Sources */,
				6D15AB632B84E7FA00481F94 /* ProductDataListDTO.swift in Sources */,
				6D15AB662B84E96E00481F94 /* ProductDomainListDTO.swift in Sources */,
				6D15AB802B85D21A00481F94 /* ProductDetailsItemViewModel.swift in Sources */,
				6D15AB472B848BD500481F94 /* ProductListViewModel.swift in Sources */,
				6D15AB3D2B84783100481F94 /* ProductCleanApp.swift in Sources */,
				6D15AB702B85060500481F94 /* URLRequestCreater.swift in Sources */,
			);
			runOnlyForDeploymentPostprocessing = 0;
		};
		6D15AB052B84750900481F94 /* Sources */ = {
			isa = PBXSourcesBuildPhase;
			buildActionMask = 2147483647;
			files = (
				6D15AB0E2B84750900481F94 /* ProductCleanTests.swift in Sources */,
			);
			runOnlyForDeploymentPostprocessing = 0;
		};
		6D15AB0F2B84750900481F94 /* Sources */ = {
			isa = PBXSourcesBuildPhase;
			buildActionMask = 2147483647;
			files = (
				6D15AB1A2B84750900481F94 /* ProductCleanUITestsLaunchTests.swift in Sources */,
				6D15AB182B84750900481F94 /* ProductCleanUITests.swift in Sources */,
			);
			runOnlyForDeploymentPostprocessing = 0;
		};
/* End PBXSourcesBuildPhase section */

/* Begin PBXTargetDependency section */
		6D15AB0B2B84750900481F94 /* PBXTargetDependency */ = {
			isa = PBXTargetDependency;
			target = 6D15AAF82B84750800481F94 /* ProductClean */;
			targetProxy = 6D15AB0A2B84750900481F94 /* PBXContainerItemProxy */;
		};
		6D15AB152B84750900481F94 /* PBXTargetDependency */ = {
			isa = PBXTargetDependency;
			target = 6D15AAF82B84750800481F94 /* ProductClean */;
			targetProxy = 6D15AB142B84750900481F94 /* PBXContainerItemProxy */;
		};
/* End PBXTargetDependency section */

/* Begin XCBuildConfiguration section */
		6D15AB1B2B84750900481F94 /* Debug */ = {
			isa = XCBuildConfiguration;
			buildSettings = {
				ALWAYS_SEARCH_USER_PATHS = NO;
				ASSETCATALOG_COMPILER_GENERATE_SWIFT_ASSET_SYMBOL_EXTENSIONS = YES;
				CLANG_ANALYZER_NONNULL = YES;
				CLANG_ANALYZER_NUMBER_OBJECT_CONVERSION = YES_AGGRESSIVE;
				CLANG_CXX_LANGUAGE_STANDARD = "gnu++20";
				CLANG_ENABLE_MODULES = YES;
				CLANG_ENABLE_OBJC_ARC = YES;
				CLANG_ENABLE_OBJC_WEAK = YES;
				CLANG_WARN_BLOCK_CAPTURE_AUTORELEASING = YES;
				CLANG_WARN_BOOL_CONVERSION = YES;
				CLANG_WARN_COMMA = YES;
				CLANG_WARN_CONSTANT_CONVERSION = YES;
				CLANG_WARN_DEPRECATED_OBJC_IMPLEMENTATIONS = YES;
				CLANG_WARN_DIRECT_OBJC_ISA_USAGE = YES_ERROR;
				CLANG_WARN_DOCUMENTATION_COMMENTS = YES;
				CLANG_WARN_EMPTY_BODY = YES;
				CLANG_WARN_ENUM_CONVERSION = YES;
				CLANG_WARN_INFINITE_RECURSION = YES;
				CLANG_WARN_INT_CONVERSION = YES;
				CLANG_WARN_NON_LITERAL_NULL_CONVERSION = YES;
				CLANG_WARN_OBJC_IMPLICIT_RETAIN_SELF = YES;
				CLANG_WARN_OBJC_LITERAL_CONVERSION = YES;
				CLANG_WARN_OBJC_ROOT_CLASS = YES_ERROR;
				CLANG_WARN_QUOTED_INCLUDE_IN_FRAMEWORK_HEADER = YES;
				CLANG_WARN_RANGE_LOOP_ANALYSIS = YES;
				CLANG_WARN_STRICT_PROTOTYPES = YES;
				CLANG_WARN_SUSPICIOUS_MOVE = YES;
				CLANG_WARN_UNGUARDED_AVAILABILITY = YES_AGGRESSIVE;
				CLANG_WARN_UNREACHABLE_CODE = YES;
				CLANG_WARN__DUPLICATE_METHOD_MATCH = YES;
				COPY_PHASE_STRIP = NO;
				DEBUG_INFORMATION_FORMAT = dwarf;
				ENABLE_STRICT_OBJC_MSGSEND = YES;
				ENABLE_TESTABILITY = YES;
				ENABLE_USER_SCRIPT_SANDBOXING = YES;
				GCC_C_LANGUAGE_STANDARD = gnu17;
				GCC_DYNAMIC_NO_PIC = NO;
				GCC_NO_COMMON_BLOCKS = YES;
				GCC_OPTIMIZATION_LEVEL = 0;
				GCC_PREPROCESSOR_DEFINITIONS = (
					"DEBUG=1",
					"$(inherited)",
				);
				GCC_WARN_64_TO_32_BIT_CONVERSION = YES;
				GCC_WARN_ABOUT_RETURN_TYPE = YES_ERROR;
				GCC_WARN_UNDECLARED_SELECTOR = YES;
				GCC_WARN_UNINITIALIZED_AUTOS = YES_AGGRESSIVE;
				GCC_WARN_UNUSED_FUNCTION = YES;
				GCC_WARN_UNUSED_VARIABLE = YES;
				IPHONEOS_DEPLOYMENT_TARGET = 17.2;
				LOCALIZATION_PREFERS_STRING_CATALOGS = YES;
				MTL_ENABLE_DEBUG_INFO = INCLUDE_SOURCE;
				MTL_FAST_MATH = YES;
				ONLY_ACTIVE_ARCH = YES;
				SDKROOT = iphoneos;
				SWIFT_ACTIVE_COMPILATION_CONDITIONS = "DEBUG $(inherited)";
				SWIFT_OPTIMIZATION_LEVEL = "-Onone";
			};
			name = Debug;
		};
		6D15AB1C2B84750900481F94 /* Release */ = {
			isa = XCBuildConfiguration;
			buildSettings = {
				ALWAYS_SEARCH_USER_PATHS = NO;
				ASSETCATALOG_COMPILER_GENERATE_SWIFT_ASSET_SYMBOL_EXTENSIONS = YES;
				CLANG_ANALYZER_NONNULL = YES;
				CLANG_ANALYZER_NUMBER_OBJECT_CONVERSION = YES_AGGRESSIVE;
				CLANG_CXX_LANGUAGE_STANDARD = "gnu++20";
				CLANG_ENABLE_MODULES = YES;
				CLANG_ENABLE_OBJC_ARC = YES;
				CLANG_ENABLE_OBJC_WEAK = YES;
				CLANG_WARN_BLOCK_CAPTURE_AUTORELEASING = YES;
				CLANG_WARN_BOOL_CONVERSION = YES;
				CLANG_WARN_COMMA = YES;
				CLANG_WARN_CONSTANT_CONVERSION = YES;
				CLANG_WARN_DEPRECATED_OBJC_IMPLEMENTATIONS = YES;
				CLANG_WARN_DIRECT_OBJC_ISA_USAGE = YES_ERROR;
				CLANG_WARN_DOCUMENTATION_COMMENTS = YES;
				CLANG_WARN_EMPTY_BODY = YES;
				CLANG_WARN_ENUM_CONVERSION = YES;
				CLANG_WARN_INFINITE_RECURSION = YES;
				CLANG_WARN_INT_CONVERSION = YES;
				CLANG_WARN_NON_LITERAL_NULL_CONVERSION = YES;
				CLANG_WARN_OBJC_IMPLICIT_RETAIN_SELF = YES;
				CLANG_WARN_OBJC_LITERAL_CONVERSION = YES;
				CLANG_WARN_OBJC_ROOT_CLASS = YES_ERROR;
				CLANG_WARN_QUOTED_INCLUDE_IN_FRAMEWORK_HEADER = YES;
				CLANG_WARN_RANGE_LOOP_ANALYSIS = YES;
				CLANG_WARN_STRICT_PROTOTYPES = YES;
				CLANG_WARN_SUSPICIOUS_MOVE = YES;
				CLANG_WARN_UNGUARDED_AVAILABILITY = YES_AGGRESSIVE;
				CLANG_WARN_UNREACHABLE_CODE = YES;
				CLANG_WARN__DUPLICATE_METHOD_MATCH = YES;
				COPY_PHASE_STRIP = NO;
				DEBUG_INFORMATION_FORMAT = "dwarf-with-dsym";
				ENABLE_NS_ASSERTIONS = NO;
				ENABLE_STRICT_OBJC_MSGSEND = YES;
				ENABLE_USER_SCRIPT_SANDBOXING = YES;
				GCC_C_LANGUAGE_STANDARD = gnu17;
				GCC_NO_COMMON_BLOCKS = YES;
				GCC_WARN_64_TO_32_BIT_CONVERSION = YES;
				GCC_WARN_ABOUT_RETURN_TYPE = YES_ERROR;
				GCC_WARN_UNDECLARED_SELECTOR = YES;
				GCC_WARN_UNINITIALIZED_AUTOS = YES_AGGRESSIVE;
				GCC_WARN_UNUSED_FUNCTION = YES;
				GCC_WARN_UNUSED_VARIABLE = YES;
				IPHONEOS_DEPLOYMENT_TARGET = 17.2;
				LOCALIZATION_PREFERS_STRING_CATALOGS = YES;
				MTL_ENABLE_DEBUG_INFO = NO;
				MTL_FAST_MATH = YES;
				SDKROOT = iphoneos;
				SWIFT_COMPILATION_MODE = wholemodule;
				VALIDATE_PRODUCT = YES;
			};
			name = Release;
		};
		6D15AB1E2B84750900481F94 /* Debug */ = {
			isa = XCBuildConfiguration;
			buildSettings = {
				ASSETCATALOG_COMPILER_APPICON_NAME = AppIcon;
				ASSETCATALOG_COMPILER_GLOBAL_ACCENT_COLOR_NAME = AccentColor;
				CODE_SIGN_STYLE = Automatic;
				CURRENT_PROJECT_VERSION = 1;
				DEVELOPMENT_ASSET_PATHS = "\"$(SRCROOT)/ProductClean/Resources/Preview Content\"";
				DEVELOPMENT_TEAM = LX72TZB635;
				ENABLE_PREVIEWS = YES;
				ENABLE_USER_SCRIPT_SANDBOXING = NO;
				GENERATE_INFOPLIST_FILE = YES;
				INFOPLIST_KEY_UIApplicationSceneManifest_Generation = YES;
				INFOPLIST_KEY_UIApplicationSupportsIndirectInputEvents = YES;
				INFOPLIST_KEY_UILaunchScreen_Generation = YES;
				INFOPLIST_KEY_UISupportedInterfaceOrientations_iPad = "UIInterfaceOrientationPortrait UIInterfaceOrientationPortraitUpsideDown UIInterfaceOrientationLandscapeLeft UIInterfaceOrientationLandscapeRight";
				INFOPLIST_KEY_UISupportedInterfaceOrientations_iPhone = "UIInterfaceOrientationPortrait UIInterfaceOrientationLandscapeLeft UIInterfaceOrientationLandscapeRight";
				LD_RUNPATH_SEARCH_PATHS = (
					"$(inherited)",
					"@executable_path/Frameworks",
				);
				MARKETING_VERSION = 1.0;
				PRODUCT_BUNDLE_IDENTIFIER = me.Sajib.Ghosh.ProductClean;
				PRODUCT_NAME = "$(TARGET_NAME)";
				SWIFT_EMIT_LOC_STRINGS = YES;
				SWIFT_VERSION = 5.0;
				TARGETED_DEVICE_FAMILY = "1,2";
			};
			name = Debug;
		};
		6D15AB1F2B84750900481F94 /* Release */ = {
			isa = XCBuildConfiguration;
			buildSettings = {
				ASSETCATALOG_COMPILER_APPICON_NAME = AppIcon;
				ASSETCATALOG_COMPILER_GLOBAL_ACCENT_COLOR_NAME = AccentColor;
				CODE_SIGN_STYLE = Automatic;
				CURRENT_PROJECT_VERSION = 1;
				DEVELOPMENT_ASSET_PATHS = "\"$(SRCROOT)/ProductClean/Resources/Preview Content\"";
				DEVELOPMENT_TEAM = LX72TZB635;
				ENABLE_PREVIEWS = YES;
				ENABLE_USER_SCRIPT_SANDBOXING = NO;
				GENERATE_INFOPLIST_FILE = YES;
				INFOPLIST_KEY_UIApplicationSceneManifest_Generation = YES;
				INFOPLIST_KEY_UIApplicationSupportsIndirectInputEvents = YES;
				INFOPLIST_KEY_UILaunchScreen_Generation = YES;
				INFOPLIST_KEY_UISupportedInterfaceOrientations_iPad = "UIInterfaceOrientationPortrait UIInterfaceOrientationPortraitUpsideDown UIInterfaceOrientationLandscapeLeft UIInterfaceOrientationLandscapeRight";
				INFOPLIST_KEY_UISupportedInterfaceOrientations_iPhone = "UIInterfaceOrientationPortrait UIInterfaceOrientationLandscapeLeft UIInterfaceOrientationLandscapeRight";
				LD_RUNPATH_SEARCH_PATHS = (
					"$(inherited)",
					"@executable_path/Frameworks",
				);
				MARKETING_VERSION = 1.0;
				PRODUCT_BUNDLE_IDENTIFIER = me.Sajib.Ghosh.ProductClean;
				PRODUCT_NAME = "$(TARGET_NAME)";
				SWIFT_EMIT_LOC_STRINGS = YES;
				SWIFT_VERSION = 5.0;
				TARGETED_DEVICE_FAMILY = "1,2";
			};
			name = Release;
		};
		6D15AB212B84750900481F94 /* Debug */ = {
			isa = XCBuildConfiguration;
			buildSettings = {
				ALWAYS_EMBED_SWIFT_STANDARD_LIBRARIES = YES;
				BUNDLE_LOADER = "$(TEST_HOST)";
				CODE_SIGN_STYLE = Automatic;
				CURRENT_PROJECT_VERSION = 1;
				DEVELOPMENT_TEAM = LX72TZB635;
				GENERATE_INFOPLIST_FILE = YES;
				IPHONEOS_DEPLOYMENT_TARGET = 17.2;
				MARKETING_VERSION = 1.0;
				PRODUCT_BUNDLE_IDENTIFIER = me.Sajib.Ghosh.ProductCleanTests;
				PRODUCT_NAME = "$(TARGET_NAME)";
				SWIFT_EMIT_LOC_STRINGS = NO;
				SWIFT_VERSION = 5.0;
				TARGETED_DEVICE_FAMILY = "1,2";
				TEST_HOST = "$(BUILT_PRODUCTS_DIR)/ProductClean.app/$(BUNDLE_EXECUTABLE_FOLDER_PATH)/ProductClean";
			};
			name = Debug;
		};
		6D15AB222B84750900481F94 /* Release */ = {
			isa = XCBuildConfiguration;
			buildSettings = {
				ALWAYS_EMBED_SWIFT_STANDARD_LIBRARIES = YES;
				BUNDLE_LOADER = "$(TEST_HOST)";
				CODE_SIGN_STYLE = Automatic;
				CURRENT_PROJECT_VERSION = 1;
				DEVELOPMENT_TEAM = LX72TZB635;
				GENERATE_INFOPLIST_FILE = YES;
				IPHONEOS_DEPLOYMENT_TARGET = 17.2;
				MARKETING_VERSION = 1.0;
				PRODUCT_BUNDLE_IDENTIFIER = me.Sajib.Ghosh.ProductCleanTests;
				PRODUCT_NAME = "$(TARGET_NAME)";
				SWIFT_EMIT_LOC_STRINGS = NO;
				SWIFT_VERSION = 5.0;
				TARGETED_DEVICE_FAMILY = "1,2";
				TEST_HOST = "$(BUILT_PRODUCTS_DIR)/ProductClean.app/$(BUNDLE_EXECUTABLE_FOLDER_PATH)/ProductClean";
			};
			name = Release;
		};
		6D15AB242B84750900481F94 /* Debug */ = {
			isa = XCBuildConfiguration;
			buildSettings = {
				ALWAYS_EMBED_SWIFT_STANDARD_LIBRARIES = YES;
				CODE_SIGN_STYLE = Automatic;
				CURRENT_PROJECT_VERSION = 1;
				DEVELOPMENT_TEAM = LX72TZB635;
				GENERATE_INFOPLIST_FILE = YES;
				MARKETING_VERSION = 1.0;
				PRODUCT_BUNDLE_IDENTIFIER = me.Sajib.Ghosh.ProductCleanUITests;
				PRODUCT_NAME = "$(TARGET_NAME)";
				SWIFT_EMIT_LOC_STRINGS = NO;
				SWIFT_VERSION = 5.0;
				TARGETED_DEVICE_FAMILY = "1,2";
				TEST_TARGET_NAME = ProductClean;
			};
			name = Debug;
		};
		6D15AB252B84750900481F94 /* Release */ = {
			isa = XCBuildConfiguration;
			buildSettings = {
				ALWAYS_EMBED_SWIFT_STANDARD_LIBRARIES = YES;
				CODE_SIGN_STYLE = Automatic;
				CURRENT_PROJECT_VERSION = 1;
				DEVELOPMENT_TEAM = LX72TZB635;
				GENERATE_INFOPLIST_FILE = YES;
				MARKETING_VERSION = 1.0;
				PRODUCT_BUNDLE_IDENTIFIER = me.Sajib.Ghosh.ProductCleanUITests;
				PRODUCT_NAME = "$(TARGET_NAME)";
				SWIFT_EMIT_LOC_STRINGS = NO;
				SWIFT_VERSION = 5.0;
				TARGETED_DEVICE_FAMILY = "1,2";
				TEST_TARGET_NAME = ProductClean;
			};
			name = Release;
		};
/* End XCBuildConfiguration section */

/* Begin XCConfigurationList section */
		6D15AAF42B84750800481F94 /* Build configuration list for PBXProject "ProductClean" */ = {
			isa = XCConfigurationList;
			buildConfigurations = (
				6D15AB1B2B84750900481F94 /* Debug */,
				6D15AB1C2B84750900481F94 /* Release */,
			);
			defaultConfigurationIsVisible = 0;
			defaultConfigurationName = Release;
		};
		6D15AB1D2B84750900481F94 /* Build configuration list for PBXNativeTarget "ProductClean" */ = {
			isa = XCConfigurationList;
			buildConfigurations = (
				6D15AB1E2B84750900481F94 /* Debug */,
				6D15AB1F2B84750900481F94 /* Release */,
			);
			defaultConfigurationIsVisible = 0;
			defaultConfigurationName = Release;
		};
		6D15AB202B84750900481F94 /* Build configuration list for PBXNativeTarget "ProductCleanTests" */ = {
			isa = XCConfigurationList;
			buildConfigurations = (
				6D15AB212B84750900481F94 /* Debug */,
				6D15AB222B84750900481F94 /* Release */,
			);
			defaultConfigurationIsVisible = 0;
			defaultConfigurationName = Release;
		};
		6D15AB232B84750900481F94 /* Build configuration list for PBXNativeTarget "ProductCleanUITests" */ = {
			isa = XCConfigurationList;
			buildConfigurations = (
				6D15AB242B84750900481F94 /* Debug */,
				6D15AB252B84750900481F94 /* Release */,
			);
			defaultConfigurationIsVisible = 0;
			defaultConfigurationName = Release;
		};
/* End XCConfigurationList section */

/* Begin XCRemoteSwiftPackageReference section */
		6D15AB852B85F33300481F94 /* XCRemoteSwiftPackageReference "SDWebImageSwiftUI" */ = {
			isa = XCRemoteSwiftPackageReference;
			repositoryURL = "https://github.com/SDWebImage/SDWebImageSwiftUI.git";
			requirement = {
				kind = upToNextMajorVersion;
				minimumVersion = 2.2.6;
			};
		};
		6D15AB882B860AA200481F94 /* XCRemoteSwiftPackageReference "ios-snapshot-test-case" */ = {
			isa = XCRemoteSwiftPackageReference;
			repositoryURL = "https://github.com/uber/ios-snapshot-test-case.git";
			requirement = {
				kind = upToNextMajorVersion;
				minimumVersion = 8.0.0;
			};
		};
/* End XCRemoteSwiftPackageReference section */

/* Begin XCSwiftPackageProductDependency section */
		6D15AB862B85F33300481F94 /* SDWebImageSwiftUI */ = {
			isa = XCSwiftPackageProductDependency;
			package = 6D15AB852B85F33300481F94 /* XCRemoteSwiftPackageReference "SDWebImageSwiftUI" */;
			productName = SDWebImageSwiftUI;
		};
/* End XCSwiftPackageProductDependency section */
	};
	rootObject = 6D15AAF12B84750800481F94 /* Project object */;
}
