PODS:
  - iOSSnapshotTestCase (8.0.0):
    - iOSSnapshotTestCase/SwiftSupport (= 8.0.0)
  - iOSSnapshotTestCase/Core (8.0.0)
  - iOSSnapshotTestCase/SwiftSupport (8.0.0):
    - iOSSnapshotTestCase/Core
  - Kingfisher (7.11.0)

DEPENDENCIES:
  - iOSSnapshotTestCase
  - Kingfisher (~> 7.0)

SPEC REPOS:
  trunk:
    - iOSSnapshotTestCase
    - Kingfisher

SPEC CHECKSUMS:
  iOSSnapshotTestCase: a670511f9ee3829c2b9c23e6e68f315fd7b6790f
  Kingfisher: b9c985d864d43515f404f1ef4a8ce7d802ace3ac

PODFILE CHECKSUM: fd460b04a27ecd94d20ea6decd5c07a9e731dc7c

COCOAPODS: 1.12.1
